// !$*UTF8*$!
{
	archiveVersion = 1;
	classes = {
	};
	objectVersion = 55;
	objects = {

/* Begin PBXBuildFile section */
		8426EF222793FAB500F18B58 /* AppDelegate.swift in Sources */ = {isa = PBXBuildFile; fileRef = 8426EF212793FAB500F18B58 /* AppDelegate.swift */; };
		8426EF2B2793FAB600F18B58 /* Assets.xcassets in Resources */ = {isa = PBXBuildFile; fileRef = 8426EF2A2793FAB600F18B58 /* Assets.xcassets */; };
		8426EF2E2793FAB600F18B58 /* LaunchScreen.storyboard in Resources */ = {isa = PBXBuildFile; fileRef = 8426EF2C2793FAB600F18B58 /* LaunchScreen.storyboard */; };
		8426EF392793FAB600F18B58 /* SoulfullyTests.swift in Sources */ = {isa = PBXBuildFile; fileRef = 8426EF382793FAB600F18B58 /* SoulfullyTests.swift */; };
		8426EF432793FAB600F18B58 /* SoulfullyUITests.swift in Sources */ = {isa = PBXBuildFile; fileRef = 8426EF422793FAB600F18B58 /* SoulfullyUITests.swift */; };
		8426EF452793FAB600F18B58 /* SoulfullyUITestsLaunchTests.swift in Sources */ = {isa = PBXBuildFile; fileRef = 8426EF442793FAB600F18B58 /* SoulfullyUITestsLaunchTests.swift */; };
		8426EF8327941D4100F18B58 /* SoulfullyNetworking.h in Headers */ = {isa = PBXBuildFile; fileRef = 8426EF8227941D4100F18B58 /* SoulfullyNetworking.h */; settings = {ATTRIBUTES = (Public, ); }; };
		8426EF8627941D4100F18B58 /* SoulfullyNetworking.framework in Frameworks */ = {isa = PBXBuildFile; fileRef = 8426EF8027941D4100F18B58 /* SoulfullyNetworking.framework */; };
		8426EF8727941D4100F18B58 /* SoulfullyNetworking.framework in Embed Frameworks */ = {isa = PBXBuildFile; fileRef = 8426EF8027941D4100F18B58 /* SoulfullyNetworking.framework */; settings = {ATTRIBUTES = (CodeSignOnCopy, RemoveHeadersOnCopy, ); }; };
		8426EF9E27941E4C00F18B58 /* NeoNetworkingLogger.swift in Sources */ = {isa = PBXBuildFile; fileRef = 8426EF8F27941E4C00F18B58 /* NeoNetworkingLogger.swift */; };
		8426EF9F27941E4C00F18B58 /* APIConfigable.swift in Sources */ = {isa = PBXBuildFile; fileRef = 8426EF9127941E4C00F18B58 /* APIConfigable.swift */; };
		8426EFA027941E4C00F18B58 /* SoulfullyNetworkProvider.swift in Sources */ = {isa = PBXBuildFile; fileRef = 8426EF9227941E4C00F18B58 /* SoulfullyNetworkProvider.swift */; };
		8426EFA127941E4C00F18B58 /* SoulfullyApiInputable.swift in Sources */ = {isa = PBXBuildFile; fileRef = 8426EF9527941E4C00F18B58 /* SoulfullyApiInputable.swift */; };
		8426EFA227941E4C00F18B58 /* SoulfullyRequestable.swift in Sources */ = {isa = PBXBuildFile; fileRef = 8426EF9627941E4C00F18B58 /* SoulfullyRequestable.swift */; };
		8426EFA327941E4C00F18B58 /* Parseable.swift in Sources */ = {isa = PBXBuildFile; fileRef = 8426EF9A27941E4C00F18B58 /* Parseable.swift */; };
		8426EFA427941E4C00F18B58 /* SoulfullyApiOutputable.swift in Sources */ = {isa = PBXBuildFile; fileRef = 8426EF9B27941E4C00F18B58 /* SoulfullyApiOutputable.swift */; };
		8426EFA527941E4C00F18B58 /* AlamofireRequester.swift in Sources */ = {isa = PBXBuildFile; fileRef = 8426EF9D27941E4C00F18B58 /* AlamofireRequester.swift */; };
		8426EFA8279423A400F18B58 /* Alamofire in Frameworks */ = {isa = PBXBuildFile; productRef = 8426EFA7279423A400F18B58 /* Alamofire */; };
		8426EFAB2794240000F18B58 /* Kingfisher in Frameworks */ = {isa = PBXBuildFile; productRef = 8426EFAA2794240000F18B58 /* Kingfisher */; };
		8426EFAE2794243500F18B58 /* RxCocoa in Frameworks */ = {isa = PBXBuildFile; productRef = 8426EFAD2794243500F18B58 /* RxCocoa */; };
		8426EFB02794243500F18B58 /* RxRelay in Frameworks */ = {isa = PBXBuildFile; productRef = 8426EFAF2794243500F18B58 /* RxRelay */; };
		8426EFB22794243500F18B58 /* RxSwift in Frameworks */ = {isa = PBXBuildFile; productRef = 8426EFB12794243500F18B58 /* RxSwift */; };
		8426EFB5279424A900F18B58 /* SnapKit in Frameworks */ = {isa = PBXBuildFile; productRef = 8426EFB4279424A900F18B58 /* SnapKit */; };
		8426EFB72794379000F18B58 /* Alamofire in Frameworks */ = {isa = PBXBuildFile; productRef = 8426EFB62794379000F18B58 /* Alamofire */; };
		8440E75D27BE5E9C001707D8 /* SignInUpInfoView.swift in Sources */ = {isa = PBXBuildFile; fileRef = 8440E75C27BE5E9C001707D8 /* SignInUpInfoView.swift */; };
		8440E76027BE6357001707D8 /* SocialSignInUpView.xib in Resources */ = {isa = PBXBuildFile; fileRef = 8440E75F27BE6357001707D8 /* SocialSignInUpView.xib */; };
		8440E76227BE636F001707D8 /* SocialSignInUpView.swift in Sources */ = {isa = PBXBuildFile; fileRef = 8440E76127BE636F001707D8 /* SocialSignInUpView.swift */; };
		8440E76627BEE756001707D8 /* DashboardTabBarController.xib in Resources */ = {isa = PBXBuildFile; fileRef = 8440E76427BEE756001707D8 /* DashboardTabBarController.xib */; };
		8440E76727BEE756001707D8 /* DashboardTabBarController.swift in Sources */ = {isa = PBXBuildFile; fileRef = 8440E76527BEE756001707D8 /* DashboardTabBarController.swift */; };
		8440E76927BEE7EB001707D8 /* HomeDestination.swift in Sources */ = {isa = PBXBuildFile; fileRef = 8440E76827BEE7EB001707D8 /* HomeDestination.swift */; };
		8440E76B27BEE7F9001707D8 /* DiscoverDestination.swift in Sources */ = {isa = PBXBuildFile; fileRef = 8440E76A27BEE7F9001707D8 /* DiscoverDestination.swift */; };
		8440E76D27BEE844001707D8 /* ProfileDestination.swift in Sources */ = {isa = PBXBuildFile; fileRef = 8440E76C27BEE844001707D8 /* ProfileDestination.swift */; };
		8440E77327BEE8D5001707D8 /* HomeViewController.swift in Sources */ = {isa = PBXBuildFile; fileRef = 8440E77127BEE8D5001707D8 /* HomeViewController.swift */; };
		8440E77427BEE8D5001707D8 /* HomeViewController.xib in Resources */ = {isa = PBXBuildFile; fileRef = 8440E77227BEE8D5001707D8 /* HomeViewController.xib */; };
		8440E77627BEE8DF001707D8 /* HomeViewModel.swift in Sources */ = {isa = PBXBuildFile; fileRef = 8440E77527BEE8DF001707D8 /* HomeViewModel.swift */; };
		8440E77827BEE92C001707D8 /* ViewModelTransformable.swift in Sources */ = {isa = PBXBuildFile; fileRef = 8440E77727BEE92C001707D8 /* ViewModelTransformable.swift */; };
		8440E77A27BEE98D001707D8 /* AppErrorDefine.swift in Sources */ = {isa = PBXBuildFile; fileRef = 8440E77927BEE98D001707D8 /* AppErrorDefine.swift */; };
		8440E77C27BF3808001707D8 /* ActivityIndicator.swift in Sources */ = {isa = PBXBuildFile; fileRef = 8440E77B27BF3808001707D8 /* ActivityIndicator.swift */; };
		844E4E3527A85D1E0013CAD2 /* AppDefine.swift in Sources */ = {isa = PBXBuildFile; fileRef = 844E4E3427A85D1E0013CAD2 /* AppDefine.swift */; };
		844E4E3727A860670013CAD2 /* ColorDefine.swift in Sources */ = {isa = PBXBuildFile; fileRef = 844E4E3627A860670013CAD2 /* ColorDefine.swift */; };
		845A941E27BAA07200A21998 /* Login.storyboard in Resources */ = {isa = PBXBuildFile; fileRef = 845A941D27BAA07200A21998 /* Login.storyboard */; };
		845A942227BB40FB00A21998 /* SignInUpLoginInfoView.xib in Resources */ = {isa = PBXBuildFile; fileRef = 845A942127BB40FB00A21998 /* SignInUpLoginInfoView.xib */; };
		8487094327A16FD000D64653 /* SoulfullyUtils.h in Headers */ = {isa = PBXBuildFile; fileRef = 8487094227A16FD000D64653 /* SoulfullyUtils.h */; settings = {ATTRIBUTES = (Public, ); }; };
		8487094627A16FD000D64653 /* SoulfullyUtils.framework in Frameworks */ = {isa = PBXBuildFile; fileRef = 8487094027A16FD000D64653 /* SoulfullyUtils.framework */; };
		8487094727A16FD000D64653 /* SoulfullyUtils.framework in Embed Frameworks */ = {isa = PBXBuildFile; fileRef = 8487094027A16FD000D64653 /* SoulfullyUtils.framework */; settings = {ATTRIBUTES = (CodeSignOnCopy, RemoveHeadersOnCopy, ); }; };
		848709CB27A1702000D64653 /* Date.swift in Sources */ = {isa = PBXBuildFile; fileRef = 8487095427A1702000D64653 /* Date.swift */; };
		848709CC27A1702000D64653 /* Scrollable+.swift in Sources */ = {isa = PBXBuildFile; fileRef = 8487095527A1702000D64653 /* Scrollable+.swift */; };
		848709CD27A1702000D64653 /* Screen+.swift in Sources */ = {isa = PBXBuildFile; fileRef = 8487095627A1702000D64653 /* Screen+.swift */; };
		848709CE27A1702000D64653 /* GestureRecognizer+.swift in Sources */ = {isa = PBXBuildFile; fileRef = 8487095727A1702000D64653 /* GestureRecognizer+.swift */; };
		848709CF27A1702000D64653 /* RxCocoa+.swift in Sources */ = {isa = PBXBuildFile; fileRef = 8487095827A1702000D64653 /* RxCocoa+.swift */; };
		848709D027A1702000D64653 /* Int+.swift in Sources */ = {isa = PBXBuildFile; fileRef = 8487095927A1702000D64653 /* Int+.swift */; };
		848709D127A1702000D64653 /* Rx+.swift in Sources */ = {isa = PBXBuildFile; fileRef = 8487095A27A1702000D64653 /* Rx+.swift */; };
		848709D227A1702000D64653 /* Animation.swift in Sources */ = {isa = PBXBuildFile; fileRef = 8487095B27A1702000D64653 /* Animation.swift */; };
		848709D327A1702000D64653 /* IdentifierCell.swift in Sources */ = {isa = PBXBuildFile; fileRef = 8487095C27A1702000D64653 /* IdentifierCell.swift */; };
		848709D627A1702000D64653 /* NavigationBar+.swift in Sources */ = {isa = PBXBuildFile; fileRef = 8487095F27A1702000D64653 /* NavigationBar+.swift */; };
		848709D727A1702000D64653 /* TextField+.swift in Sources */ = {isa = PBXBuildFile; fileRef = 8487096027A1702000D64653 /* TextField+.swift */; };
		848709D827A1702000D64653 /* Constraint+.swift in Sources */ = {isa = PBXBuildFile; fileRef = 8487096127A1702000D64653 /* Constraint+.swift */; };
		848709D927A1702000D64653 /* TextView+.swift in Sources */ = {isa = PBXBuildFile; fileRef = 8487096227A1702000D64653 /* TextView+.swift */; };
		848709DA27A1702000D64653 /* Array+.swift in Sources */ = {isa = PBXBuildFile; fileRef = 8487096327A1702000D64653 /* Array+.swift */; };
		848709DB27A1702000D64653 /* Sequence+.swift in Sources */ = {isa = PBXBuildFile; fileRef = 8487096427A1702000D64653 /* Sequence+.swift */; };
		848709DC27A1702000D64653 /* UIView+.swift in Sources */ = {isa = PBXBuildFile; fileRef = 8487096527A1702000D64653 /* UIView+.swift */; };
		848709DD27A1702000D64653 /* String+.swift in Sources */ = {isa = PBXBuildFile; fileRef = 8487096627A1702000D64653 /* String+.swift */; };
		848709DE27A1702000D64653 /* Gradient+.swift in Sources */ = {isa = PBXBuildFile; fileRef = 8487096727A1702000D64653 /* Gradient+.swift */; };
		848709DF27A1702000D64653 /* NSMutableAttributedString+.swift in Sources */ = {isa = PBXBuildFile; fileRef = 8487096827A1702000D64653 /* NSMutableAttributedString+.swift */; };
		848709E027A1702000D64653 /* PHAsset+.swift in Sources */ = {isa = PBXBuildFile; fileRef = 8487096927A1702000D64653 /* PHAsset+.swift */; };
		848709E127A1702000D64653 /* Notification.Name+.swift in Sources */ = {isa = PBXBuildFile; fileRef = 8487096A27A1702000D64653 /* Notification.Name+.swift */; };
		848709E227A1702000D64653 /* Application+.swift in Sources */ = {isa = PBXBuildFile; fileRef = 8487096B27A1702000D64653 /* Application+.swift */; };
		848709E327A1702000D64653 /* UIImagePickerController+.swift in Sources */ = {isa = PBXBuildFile; fileRef = 8487096C27A1702000D64653 /* UIImagePickerController+.swift */; };
		848709E427A1702000D64653 /* Data+.swift in Sources */ = {isa = PBXBuildFile; fileRef = 8487096D27A1702000D64653 /* Data+.swift */; };
		848709E627A1702000D64653 /* Formatter+.swift in Sources */ = {isa = PBXBuildFile; fileRef = 8487096F27A1702000D64653 /* Formatter+.swift */; };
		848709E827A1702000D64653 /* UIButton+.swift in Sources */ = {isa = PBXBuildFile; fileRef = 8487097127A1702000D64653 /* UIButton+.swift */; };
		848709E927A1702000D64653 /* UICollectionView+.swift in Sources */ = {isa = PBXBuildFile; fileRef = 8487097227A1702000D64653 /* UICollectionView+.swift */; };
		848709EA27A1702000D64653 /* UIViewController.swift in Sources */ = {isa = PBXBuildFile; fileRef = 8487097327A1702000D64653 /* UIViewController.swift */; };
		848709EB27A1702000D64653 /* Observable+.swift in Sources */ = {isa = PBXBuildFile; fileRef = 8487097427A1702000D64653 /* Observable+.swift */; };
		848709EC27A1702000D64653 /* Optional+.swift in Sources */ = {isa = PBXBuildFile; fileRef = 8487097527A1702000D64653 /* Optional+.swift */; };
		848709ED27A1702000D64653 /* CGFloat+.swift in Sources */ = {isa = PBXBuildFile; fileRef = 8487097627A1702000D64653 /* CGFloat+.swift */; };
		848709EE27A1702000D64653 /* BarButtonItem+.swift in Sources */ = {isa = PBXBuildFile; fileRef = 8487097727A1702000D64653 /* BarButtonItem+.swift */; };
		848709EF27A1702000D64653 /* ScaleFactor.swift in Sources */ = {isa = PBXBuildFile; fileRef = 8487097827A1702000D64653 /* ScaleFactor.swift */; };
		848709F027A1702000D64653 /* UIImage+.swift in Sources */ = {isa = PBXBuildFile; fileRef = 8487097927A1702000D64653 /* UIImage+.swift */; };
		848709F127A1702000D64653 /* Font+.swift in Sources */ = {isa = PBXBuildFile; fileRef = 8487097A27A1702000D64653 /* Font+.swift */; };
		848709F227A1702000D64653 /* FontSize+.swift in Sources */ = {isa = PBXBuildFile; fileRef = 8487097B27A1702000D64653 /* FontSize+.swift */; };
		848709F327A1702000D64653 /* Label+.swift in Sources */ = {isa = PBXBuildFile; fileRef = 8487097C27A1702000D64653 /* Label+.swift */; };
		848709F427A1702000D64653 /* UIColor+.swift in Sources */ = {isa = PBXBuildFile; fileRef = 8487097D27A1702000D64653 /* UIColor+.swift */; };
		848709F527A1702000D64653 /* LocationManagement.swift in Sources */ = {isa = PBXBuildFile; fileRef = 8487097F27A1702000D64653 /* LocationManagement.swift */; };
		848709F627A1702000D64653 /* FileManagement.swift in Sources */ = {isa = PBXBuildFile; fileRef = 8487098127A1702000D64653 /* FileManagement.swift */; };
		84870A1027A1702000D64653 /* ImageProcess.swift in Sources */ = {isa = PBXBuildFile; fileRef = 848709AA27A1702000D64653 /* ImageProcess.swift */; };
		84870A1127A1702000D64653 /* ImageManager.swift in Sources */ = {isa = PBXBuildFile; fileRef = 848709AB27A1702000D64653 /* ImageManager.swift */; };
		84870A1227A1702000D64653 /* Image+Gif.swift in Sources */ = {isa = PBXBuildFile; fileRef = 848709AC27A1702000D64653 /* Image+Gif.swift */; };
		84870A1327A1702000D64653 /* PDFResourceHelper.swift in Sources */ = {isa = PBXBuildFile; fileRef = 848709AD27A1702000D64653 /* PDFResourceHelper.swift */; };
		84870A1427A1702000D64653 /* RxImagePickerDelegateProxy.swift in Sources */ = {isa = PBXBuildFile; fileRef = 848709AE27A1702000D64653 /* RxImagePickerDelegateProxy.swift */; };
		84870A1527A1702000D64653 /* UIImage+PDF.swift in Sources */ = {isa = PBXBuildFile; fileRef = 848709AF27A1702000D64653 /* UIImage+PDF.swift */; };
		84870A1627A1702000D64653 /* UIImagePickerController+RxCreate.swift in Sources */ = {isa = PBXBuildFile; fileRef = 848709B027A1702000D64653 /* UIImagePickerController+RxCreate.swift */; };
		84870A1727A1702000D64653 /* DateFormat.swift in Sources */ = {isa = PBXBuildFile; fileRef = 848709B227A1702000D64653 /* DateFormat.swift */; };
		84870A1827A1702000D64653 /* DateManagement.swift in Sources */ = {isa = PBXBuildFile; fileRef = 848709B327A1702000D64653 /* DateManagement.swift */; };
		84870A1A27A1702000D64653 /* PHAssetManager.swift in Sources */ = {isa = PBXBuildFile; fileRef = 848709B727A1702000D64653 /* PHAssetManager.swift */; };
		84870A1E27A1702000D64653 /* TextSize.swift in Sources */ = {isa = PBXBuildFile; fileRef = 848709BD27A1702000D64653 /* TextSize.swift */; };
		84870A1F27A1702000D64653 /* Operator.swift in Sources */ = {isa = PBXBuildFile; fileRef = 848709BE27A1702000D64653 /* Operator.swift */; };
		84870A2027A1702000D64653 /* Validation.swift in Sources */ = {isa = PBXBuildFile; fileRef = 848709BF27A1702000D64653 /* Validation.swift */; };
		84870A2127A1702000D64653 /* CreditCardType.swift in Sources */ = {isa = PBXBuildFile; fileRef = 848709C027A1702000D64653 /* CreditCardType.swift */; };
		84870A2227A1702000D64653 /* Regex.swift in Sources */ = {isa = PBXBuildFile; fileRef = 848709C127A1702000D64653 /* Regex.swift */; };
		84870A2327A1702000D64653 /* Queue.swift in Sources */ = {isa = PBXBuildFile; fileRef = 848709C227A1702000D64653 /* Queue.swift */; };
		84870A2427A1702000D64653 /* Utility.swift in Sources */ = {isa = PBXBuildFile; fileRef = 848709C327A1702000D64653 /* Utility.swift */; };
		84870A2527A1702000D64653 /* TaskQueue.swift in Sources */ = {isa = PBXBuildFile; fileRef = 848709C427A1702000D64653 /* TaskQueue.swift */; };
		84870A2727A1708B00D64653 /* RxCocoa in Frameworks */ = {isa = PBXBuildFile; productRef = 84870A2627A1708B00D64653 /* RxCocoa */; };
		84870A2927A1708B00D64653 /* RxRelay in Frameworks */ = {isa = PBXBuildFile; productRef = 84870A2827A1708B00D64653 /* RxRelay */; };
		84870A2B27A1708B00D64653 /* RxSwift in Frameworks */ = {isa = PBXBuildFile; productRef = 84870A2A27A1708B00D64653 /* RxSwift */; };
		84870A3827A1763400D64653 /* SwiftDate in Frameworks */ = {isa = PBXBuildFile; productRef = 84870A3727A1763400D64653 /* SwiftDate */; };
		84870A3A27A1766000D64653 /* SwiftDate in Frameworks */ = {isa = PBXBuildFile; productRef = 84870A3927A1766000D64653 /* SwiftDate */; };
		84870A4127A178B800D64653 /* Kingfisher in Frameworks */ = {isa = PBXBuildFile; productRef = 84870A4027A178B800D64653 /* Kingfisher */; };
		84870A4327A17A6100D64653 /* SnapKit in Frameworks */ = {isa = PBXBuildFile; productRef = 84870A4227A17A6100D64653 /* SnapKit */; };
		84870A4527A17BF600D64653 /* Float+.swift in Sources */ = {isa = PBXBuildFile; fileRef = 84870A4427A17BF600D64653 /* Float+.swift */; };
		84870A5127A4076C00D64653 /* BaseViewController.swift in Sources */ = {isa = PBXBuildFile; fileRef = 84870A4F27A4076C00D64653 /* BaseViewController.swift */; };
		84870A5227A4076C00D64653 /* BaseView.swift in Sources */ = {isa = PBXBuildFile; fileRef = 84870A5027A4076C00D64653 /* BaseView.swift */; };
		84870A5927A4081200D64653 /* Navigateable.swift in Sources */ = {isa = PBXBuildFile; fileRef = 84870A5627A4081200D64653 /* Navigateable.swift */; };
		84870A5A27A4081200D64653 /* ViewKey.swift in Sources */ = {isa = PBXBuildFile; fileRef = 84870A5727A4081200D64653 /* ViewKey.swift */; };
		84870A5B27A4081200D64653 /* Destinating.swift in Sources */ = {isa = PBXBuildFile; fileRef = 84870A5827A4081200D64653 /* Destinating.swift */; };
		DCD5123482C215CBAE0468A0 /* Pods_Soulfully.framework in Frameworks */ = {isa = PBXBuildFile; fileRef = 05F7BAB3D1AEE2F9FACEC27A /* Pods_Soulfully.framework */; };
/* End PBXBuildFile section */

/* Begin PBXContainerItemProxy section */
		8426EF352793FAB600F18B58 /* PBXContainerItemProxy */ = {
			isa = PBXContainerItemProxy;
			containerPortal = 8426EF162793FAB500F18B58 /* Project object */;
			proxyType = 1;
			remoteGlobalIDString = 8426EF1D2793FAB500F18B58;
			remoteInfo = Soulfully;
		};
		8426EF3F2793FAB600F18B58 /* PBXContainerItemProxy */ = {
			isa = PBXContainerItemProxy;
			containerPortal = 8426EF162793FAB500F18B58 /* Project object */;
			proxyType = 1;
			remoteGlobalIDString = 8426EF1D2793FAB500F18B58;
			remoteInfo = Soulfully;
		};
		8426EF8427941D4100F18B58 /* PBXContainerItemProxy */ = {
			isa = PBXContainerItemProxy;
			containerPortal = 8426EF162793FAB500F18B58 /* Project object */;
			proxyType = 1;
			remoteGlobalIDString = 8426EF7F27941D4100F18B58;
			remoteInfo = SoulfullyNetworking;
		};
		8487094427A16FD000D64653 /* PBXContainerItemProxy */ = {
			isa = PBXContainerItemProxy;
			containerPortal = 8426EF162793FAB500F18B58 /* Project object */;
			proxyType = 1;
			remoteGlobalIDString = 8487093F27A16FD000D64653;
			remoteInfo = SoulfullyUtils;
		};
/* End PBXContainerItemProxy section */

/* Begin PBXCopyFilesBuildPhase section */
		8426EF8827941D4100F18B58 /* Embed Frameworks */ = {
			isa = PBXCopyFilesBuildPhase;
			buildActionMask = 2147483647;
			dstPath = "";
			dstSubfolderSpec = 10;
			files = (
				8487094727A16FD000D64653 /* SoulfullyUtils.framework in Embed Frameworks */,
				8426EF8727941D4100F18B58 /* SoulfullyNetworking.framework in Embed Frameworks */,
			);
			name = "Embed Frameworks";
			runOnlyForDeploymentPostprocessing = 0;
		};
/* End PBXCopyFilesBuildPhase section */

/* Begin PBXFileReference section */
		05F7BAB3D1AEE2F9FACEC27A /* Pods_Soulfully.framework */ = {isa = PBXFileReference; explicitFileType = wrapper.framework; includeInIndex = 0; path = Pods_Soulfully.framework; sourceTree = BUILT_PRODUCTS_DIR; };
		8426EF1E2793FAB500F18B58 /* Soulfully.app */ = {isa = PBXFileReference; explicitFileType = wrapper.application; includeInIndex = 0; path = Soulfully.app; sourceTree = BUILT_PRODUCTS_DIR; };
		8426EF212793FAB500F18B58 /* AppDelegate.swift */ = {isa = PBXFileReference; lastKnownFileType = sourcecode.swift; path = AppDelegate.swift; sourceTree = "<group>"; };
		8426EF2A2793FAB600F18B58 /* Assets.xcassets */ = {isa = PBXFileReference; lastKnownFileType = folder.assetcatalog; path = Assets.xcassets; sourceTree = "<group>"; };
		8426EF2D2793FAB600F18B58 /* Base */ = {isa = PBXFileReference; lastKnownFileType = file.storyboard; name = Base; path = Base.lproj/LaunchScreen.storyboard; sourceTree = "<group>"; };
		8426EF2F2793FAB600F18B58 /* Info.plist */ = {isa = PBXFileReference; lastKnownFileType = text.plist.xml; path = Info.plist; sourceTree = "<group>"; };
		8426EF342793FAB600F18B58 /* SoulfullyTests.xctest */ = {isa = PBXFileReference; explicitFileType = wrapper.cfbundle; includeInIndex = 0; path = SoulfullyTests.xctest; sourceTree = BUILT_PRODUCTS_DIR; };
		8426EF382793FAB600F18B58 /* SoulfullyTests.swift */ = {isa = PBXFileReference; lastKnownFileType = sourcecode.swift; path = SoulfullyTests.swift; sourceTree = "<group>"; };
		8426EF3E2793FAB600F18B58 /* SoulfullyUITests.xctest */ = {isa = PBXFileReference; explicitFileType = wrapper.cfbundle; includeInIndex = 0; path = SoulfullyUITests.xctest; sourceTree = BUILT_PRODUCTS_DIR; };
		8426EF422793FAB600F18B58 /* SoulfullyUITests.swift */ = {isa = PBXFileReference; lastKnownFileType = sourcecode.swift; path = SoulfullyUITests.swift; sourceTree = "<group>"; };
		8426EF442793FAB600F18B58 /* SoulfullyUITestsLaunchTests.swift */ = {isa = PBXFileReference; lastKnownFileType = sourcecode.swift; path = SoulfullyUITestsLaunchTests.swift; sourceTree = "<group>"; };
		8426EF8027941D4100F18B58 /* SoulfullyNetworking.framework */ = {isa = PBXFileReference; explicitFileType = wrapper.framework; includeInIndex = 0; path = SoulfullyNetworking.framework; sourceTree = BUILT_PRODUCTS_DIR; };
		8426EF8227941D4100F18B58 /* SoulfullyNetworking.h */ = {isa = PBXFileReference; lastKnownFileType = sourcecode.c.h; path = SoulfullyNetworking.h; sourceTree = "<group>"; };
		8426EF8F27941E4C00F18B58 /* NeoNetworkingLogger.swift */ = {isa = PBXFileReference; fileEncoding = 4; lastKnownFileType = sourcecode.swift; path = NeoNetworkingLogger.swift; sourceTree = "<group>"; };
		8426EF9127941E4C00F18B58 /* APIConfigable.swift */ = {isa = PBXFileReference; fileEncoding = 4; lastKnownFileType = sourcecode.swift; path = APIConfigable.swift; sourceTree = "<group>"; };
		8426EF9227941E4C00F18B58 /* SoulfullyNetworkProvider.swift */ = {isa = PBXFileReference; fileEncoding = 4; lastKnownFileType = sourcecode.swift; path = SoulfullyNetworkProvider.swift; sourceTree = "<group>"; };
		8426EF9527941E4C00F18B58 /* SoulfullyApiInputable.swift */ = {isa = PBXFileReference; fileEncoding = 4; lastKnownFileType = sourcecode.swift; path = SoulfullyApiInputable.swift; sourceTree = "<group>"; };
		8426EF9627941E4C00F18B58 /* SoulfullyRequestable.swift */ = {isa = PBXFileReference; fileEncoding = 4; lastKnownFileType = sourcecode.swift; path = SoulfullyRequestable.swift; sourceTree = "<group>"; };
		8426EF9A27941E4C00F18B58 /* Parseable.swift */ = {isa = PBXFileReference; fileEncoding = 4; lastKnownFileType = sourcecode.swift; path = Parseable.swift; sourceTree = "<group>"; };
		8426EF9B27941E4C00F18B58 /* SoulfullyApiOutputable.swift */ = {isa = PBXFileReference; fileEncoding = 4; lastKnownFileType = sourcecode.swift; path = SoulfullyApiOutputable.swift; sourceTree = "<group>"; };
		8426EF9D27941E4C00F18B58 /* AlamofireRequester.swift */ = {isa = PBXFileReference; fileEncoding = 4; lastKnownFileType = sourcecode.swift; path = AlamofireRequester.swift; sourceTree = "<group>"; };
		8440E75C27BE5E9C001707D8 /* SignInUpInfoView.swift */ = {isa = PBXFileReference; lastKnownFileType = sourcecode.swift; path = SignInUpInfoView.swift; sourceTree = "<group>"; };
		8440E75F27BE6357001707D8 /* SocialSignInUpView.xib */ = {isa = PBXFileReference; lastKnownFileType = file.xib; path = SocialSignInUpView.xib; sourceTree = "<group>"; };
		8440E76127BE636F001707D8 /* SocialSignInUpView.swift */ = {isa = PBXFileReference; lastKnownFileType = sourcecode.swift; path = SocialSignInUpView.swift; sourceTree = "<group>"; };
		8440E76427BEE756001707D8 /* DashboardTabBarController.xib */ = {isa = PBXFileReference; fileEncoding = 4; lastKnownFileType = file.xib; path = DashboardTabBarController.xib; sourceTree = "<group>"; };
		8440E76527BEE756001707D8 /* DashboardTabBarController.swift */ = {isa = PBXFileReference; fileEncoding = 4; lastKnownFileType = sourcecode.swift; path = DashboardTabBarController.swift; sourceTree = "<group>"; };
		8440E76827BEE7EB001707D8 /* HomeDestination.swift */ = {isa = PBXFileReference; fileEncoding = 4; lastKnownFileType = sourcecode.swift; path = HomeDestination.swift; sourceTree = "<group>"; };
		8440E76A27BEE7F9001707D8 /* DiscoverDestination.swift */ = {isa = PBXFileReference; lastKnownFileType = sourcecode.swift; path = DiscoverDestination.swift; sourceTree = "<group>"; };
		8440E76C27BEE844001707D8 /* ProfileDestination.swift */ = {isa = PBXFileReference; lastKnownFileType = sourcecode.swift; path = ProfileDestination.swift; sourceTree = "<group>"; };
		8440E77127BEE8D5001707D8 /* HomeViewController.swift */ = {isa = PBXFileReference; lastKnownFileType = sourcecode.swift; path = HomeViewController.swift; sourceTree = "<group>"; };
		8440E77227BEE8D5001707D8 /* HomeViewController.xib */ = {isa = PBXFileReference; lastKnownFileType = file.xib; path = HomeViewController.xib; sourceTree = "<group>"; };
		8440E77527BEE8DF001707D8 /* HomeViewModel.swift */ = {isa = PBXFileReference; lastKnownFileType = sourcecode.swift; path = HomeViewModel.swift; sourceTree = "<group>"; };
		8440E77727BEE92C001707D8 /* ViewModelTransformable.swift */ = {isa = PBXFileReference; fileEncoding = 4; lastKnownFileType = sourcecode.swift; path = ViewModelTransformable.swift; sourceTree = "<group>"; };
		8440E77927BEE98D001707D8 /* AppErrorDefine.swift */ = {isa = PBXFileReference; lastKnownFileType = sourcecode.swift; path = AppErrorDefine.swift; sourceTree = "<group>"; };
		8440E77B27BF3808001707D8 /* ActivityIndicator.swift */ = {isa = PBXFileReference; fileEncoding = 4; lastKnownFileType = sourcecode.swift; path = ActivityIndicator.swift; sourceTree = "<group>"; };
		844E4E3427A85D1E0013CAD2 /* AppDefine.swift */ = {isa = PBXFileReference; lastKnownFileType = sourcecode.swift; path = AppDefine.swift; sourceTree = "<group>"; };
		844E4E3627A860670013CAD2 /* ColorDefine.swift */ = {isa = PBXFileReference; lastKnownFileType = sourcecode.swift; path = ColorDefine.swift; sourceTree = "<group>"; };
		845A941D27BAA07200A21998 /* Login.storyboard */ = {isa = PBXFileReference; lastKnownFileType = file.storyboard; path = Login.storyboard; sourceTree = "<group>"; };
		845A942127BB40FB00A21998 /* SignInUpLoginInfoView.xib */ = {isa = PBXFileReference; lastKnownFileType = file.xib; path = SignInUpLoginInfoView.xib; sourceTree = "<group>"; };
		8487094027A16FD000D64653 /* SoulfullyUtils.framework */ = {isa = PBXFileReference; explicitFileType = wrapper.framework; includeInIndex = 0; path = SoulfullyUtils.framework; sourceTree = BUILT_PRODUCTS_DIR; };
		8487094227A16FD000D64653 /* SoulfullyUtils.h */ = {isa = PBXFileReference; lastKnownFileType = sourcecode.c.h; path = SoulfullyUtils.h; sourceTree = "<group>"; };
		8487095427A1702000D64653 /* Date.swift */ = {isa = PBXFileReference; fileEncoding = 4; lastKnownFileType = sourcecode.swift; path = Date.swift; sourceTree = "<group>"; };
		8487095527A1702000D64653 /* Scrollable+.swift */ = {isa = PBXFileReference; fileEncoding = 4; lastKnownFileType = sourcecode.swift; path = "Scrollable+.swift"; sourceTree = "<group>"; };
		8487095627A1702000D64653 /* Screen+.swift */ = {isa = PBXFileReference; fileEncoding = 4; lastKnownFileType = sourcecode.swift; path = "Screen+.swift"; sourceTree = "<group>"; };
		8487095727A1702000D64653 /* GestureRecognizer+.swift */ = {isa = PBXFileReference; fileEncoding = 4; lastKnownFileType = sourcecode.swift; path = "GestureRecognizer+.swift"; sourceTree = "<group>"; };
		8487095827A1702000D64653 /* RxCocoa+.swift */ = {isa = PBXFileReference; fileEncoding = 4; lastKnownFileType = sourcecode.swift; path = "RxCocoa+.swift"; sourceTree = "<group>"; };
		8487095927A1702000D64653 /* Int+.swift */ = {isa = PBXFileReference; fileEncoding = 4; lastKnownFileType = sourcecode.swift; path = "Int+.swift"; sourceTree = "<group>"; };
		8487095A27A1702000D64653 /* Rx+.swift */ = {isa = PBXFileReference; fileEncoding = 4; lastKnownFileType = sourcecode.swift; path = "Rx+.swift"; sourceTree = "<group>"; };
		8487095B27A1702000D64653 /* Animation.swift */ = {isa = PBXFileReference; fileEncoding = 4; lastKnownFileType = sourcecode.swift; path = Animation.swift; sourceTree = "<group>"; };
		8487095C27A1702000D64653 /* IdentifierCell.swift */ = {isa = PBXFileReference; fileEncoding = 4; lastKnownFileType = sourcecode.swift; path = IdentifierCell.swift; sourceTree = "<group>"; };
		8487095F27A1702000D64653 /* NavigationBar+.swift */ = {isa = PBXFileReference; fileEncoding = 4; lastKnownFileType = sourcecode.swift; path = "NavigationBar+.swift"; sourceTree = "<group>"; };
		8487096027A1702000D64653 /* TextField+.swift */ = {isa = PBXFileReference; fileEncoding = 4; lastKnownFileType = sourcecode.swift; path = "TextField+.swift"; sourceTree = "<group>"; };
		8487096127A1702000D64653 /* Constraint+.swift */ = {isa = PBXFileReference; fileEncoding = 4; lastKnownFileType = sourcecode.swift; path = "Constraint+.swift"; sourceTree = "<group>"; };
		8487096227A1702000D64653 /* TextView+.swift */ = {isa = PBXFileReference; fileEncoding = 4; lastKnownFileType = sourcecode.swift; path = "TextView+.swift"; sourceTree = "<group>"; };
		8487096327A1702000D64653 /* Array+.swift */ = {isa = PBXFileReference; fileEncoding = 4; lastKnownFileType = sourcecode.swift; path = "Array+.swift"; sourceTree = "<group>"; };
		8487096427A1702000D64653 /* Sequence+.swift */ = {isa = PBXFileReference; fileEncoding = 4; lastKnownFileType = sourcecode.swift; path = "Sequence+.swift"; sourceTree = "<group>"; };
		8487096527A1702000D64653 /* UIView+.swift */ = {isa = PBXFileReference; fileEncoding = 4; lastKnownFileType = sourcecode.swift; path = "UIView+.swift"; sourceTree = "<group>"; };
		8487096627A1702000D64653 /* String+.swift */ = {isa = PBXFileReference; fileEncoding = 4; lastKnownFileType = sourcecode.swift; path = "String+.swift"; sourceTree = "<group>"; };
		8487096727A1702000D64653 /* Gradient+.swift */ = {isa = PBXFileReference; fileEncoding = 4; lastKnownFileType = sourcecode.swift; path = "Gradient+.swift"; sourceTree = "<group>"; };
		8487096827A1702000D64653 /* NSMutableAttributedString+.swift */ = {isa = PBXFileReference; fileEncoding = 4; lastKnownFileType = sourcecode.swift; path = "NSMutableAttributedString+.swift"; sourceTree = "<group>"; };
		8487096927A1702000D64653 /* PHAsset+.swift */ = {isa = PBXFileReference; fileEncoding = 4; lastKnownFileType = sourcecode.swift; path = "PHAsset+.swift"; sourceTree = "<group>"; };
		8487096A27A1702000D64653 /* Notification.Name+.swift */ = {isa = PBXFileReference; fileEncoding = 4; lastKnownFileType = sourcecode.swift; path = "Notification.Name+.swift"; sourceTree = "<group>"; };
		8487096B27A1702000D64653 /* Application+.swift */ = {isa = PBXFileReference; fileEncoding = 4; lastKnownFileType = sourcecode.swift; path = "Application+.swift"; sourceTree = "<group>"; };
		8487096C27A1702000D64653 /* UIImagePickerController+.swift */ = {isa = PBXFileReference; fileEncoding = 4; lastKnownFileType = sourcecode.swift; path = "UIImagePickerController+.swift"; sourceTree = "<group>"; };
		8487096D27A1702000D64653 /* Data+.swift */ = {isa = PBXFileReference; fileEncoding = 4; lastKnownFileType = sourcecode.swift; path = "Data+.swift"; sourceTree = "<group>"; };
		8487096F27A1702000D64653 /* Formatter+.swift */ = {isa = PBXFileReference; fileEncoding = 4; lastKnownFileType = sourcecode.swift; path = "Formatter+.swift"; sourceTree = "<group>"; };
		8487097127A1702000D64653 /* UIButton+.swift */ = {isa = PBXFileReference; fileEncoding = 4; lastKnownFileType = sourcecode.swift; path = "UIButton+.swift"; sourceTree = "<group>"; };
		8487097227A1702000D64653 /* UICollectionView+.swift */ = {isa = PBXFileReference; fileEncoding = 4; lastKnownFileType = sourcecode.swift; path = "UICollectionView+.swift"; sourceTree = "<group>"; };
		8487097327A1702000D64653 /* UIViewController.swift */ = {isa = PBXFileReference; fileEncoding = 4; lastKnownFileType = sourcecode.swift; path = UIViewController.swift; sourceTree = "<group>"; };
		8487097427A1702000D64653 /* Observable+.swift */ = {isa = PBXFileReference; fileEncoding = 4; lastKnownFileType = sourcecode.swift; path = "Observable+.swift"; sourceTree = "<group>"; };
		8487097527A1702000D64653 /* Optional+.swift */ = {isa = PBXFileReference; fileEncoding = 4; lastKnownFileType = sourcecode.swift; path = "Optional+.swift"; sourceTree = "<group>"; };
		8487097627A1702000D64653 /* CGFloat+.swift */ = {isa = PBXFileReference; fileEncoding = 4; lastKnownFileType = sourcecode.swift; path = "CGFloat+.swift"; sourceTree = "<group>"; };
		8487097727A1702000D64653 /* BarButtonItem+.swift */ = {isa = PBXFileReference; fileEncoding = 4; lastKnownFileType = sourcecode.swift; path = "BarButtonItem+.swift"; sourceTree = "<group>"; };
		8487097827A1702000D64653 /* ScaleFactor.swift */ = {isa = PBXFileReference; fileEncoding = 4; lastKnownFileType = sourcecode.swift; path = ScaleFactor.swift; sourceTree = "<group>"; };
		8487097927A1702000D64653 /* UIImage+.swift */ = {isa = PBXFileReference; fileEncoding = 4; lastKnownFileType = sourcecode.swift; path = "UIImage+.swift"; sourceTree = "<group>"; };
		8487097A27A1702000D64653 /* Font+.swift */ = {isa = PBXFileReference; fileEncoding = 4; lastKnownFileType = sourcecode.swift; path = "Font+.swift"; sourceTree = "<group>"; };
		8487097B27A1702000D64653 /* FontSize+.swift */ = {isa = PBXFileReference; fileEncoding = 4; lastKnownFileType = sourcecode.swift; path = "FontSize+.swift"; sourceTree = "<group>"; };
		8487097C27A1702000D64653 /* Label+.swift */ = {isa = PBXFileReference; fileEncoding = 4; lastKnownFileType = sourcecode.swift; path = "Label+.swift"; sourceTree = "<group>"; };
		8487097D27A1702000D64653 /* UIColor+.swift */ = {isa = PBXFileReference; fileEncoding = 4; lastKnownFileType = sourcecode.swift; path = "UIColor+.swift"; sourceTree = "<group>"; };
		8487097F27A1702000D64653 /* LocationManagement.swift */ = {isa = PBXFileReference; fileEncoding = 4; lastKnownFileType = sourcecode.swift; path = LocationManagement.swift; sourceTree = "<group>"; };
		8487098127A1702000D64653 /* FileManagement.swift */ = {isa = PBXFileReference; fileEncoding = 4; lastKnownFileType = sourcecode.swift; path = FileManagement.swift; sourceTree = "<group>"; };
		848709AA27A1702000D64653 /* ImageProcess.swift */ = {isa = PBXFileReference; fileEncoding = 4; lastKnownFileType = sourcecode.swift; path = ImageProcess.swift; sourceTree = "<group>"; };
		848709AB27A1702000D64653 /* ImageManager.swift */ = {isa = PBXFileReference; fileEncoding = 4; lastKnownFileType = sourcecode.swift; path = ImageManager.swift; sourceTree = "<group>"; };
		848709AC27A1702000D64653 /* Image+Gif.swift */ = {isa = PBXFileReference; fileEncoding = 4; lastKnownFileType = sourcecode.swift; path = "Image+Gif.swift"; sourceTree = "<group>"; };
		848709AD27A1702000D64653 /* PDFResourceHelper.swift */ = {isa = PBXFileReference; fileEncoding = 4; lastKnownFileType = sourcecode.swift; path = PDFResourceHelper.swift; sourceTree = "<group>"; };
		848709AE27A1702000D64653 /* RxImagePickerDelegateProxy.swift */ = {isa = PBXFileReference; fileEncoding = 4; lastKnownFileType = sourcecode.swift; path = RxImagePickerDelegateProxy.swift; sourceTree = "<group>"; };
		848709AF27A1702000D64653 /* UIImage+PDF.swift */ = {isa = PBXFileReference; fileEncoding = 4; lastKnownFileType = sourcecode.swift; path = "UIImage+PDF.swift"; sourceTree = "<group>"; };
		848709B027A1702000D64653 /* UIImagePickerController+RxCreate.swift */ = {isa = PBXFileReference; fileEncoding = 4; lastKnownFileType = sourcecode.swift; path = "UIImagePickerController+RxCreate.swift"; sourceTree = "<group>"; };
		848709B227A1702000D64653 /* DateFormat.swift */ = {isa = PBXFileReference; fileEncoding = 4; lastKnownFileType = sourcecode.swift; path = DateFormat.swift; sourceTree = "<group>"; };
		848709B327A1702000D64653 /* DateManagement.swift */ = {isa = PBXFileReference; fileEncoding = 4; lastKnownFileType = sourcecode.swift; path = DateManagement.swift; sourceTree = "<group>"; };
		848709B727A1702000D64653 /* PHAssetManager.swift */ = {isa = PBXFileReference; fileEncoding = 4; lastKnownFileType = sourcecode.swift; path = PHAssetManager.swift; sourceTree = "<group>"; };
		848709BD27A1702000D64653 /* TextSize.swift */ = {isa = PBXFileReference; fileEncoding = 4; lastKnownFileType = sourcecode.swift; path = TextSize.swift; sourceTree = "<group>"; };
		848709BE27A1702000D64653 /* Operator.swift */ = {isa = PBXFileReference; fileEncoding = 4; lastKnownFileType = sourcecode.swift; path = Operator.swift; sourceTree = "<group>"; };
		848709BF27A1702000D64653 /* Validation.swift */ = {isa = PBXFileReference; fileEncoding = 4; lastKnownFileType = sourcecode.swift; path = Validation.swift; sourceTree = "<group>"; };
		848709C027A1702000D64653 /* CreditCardType.swift */ = {isa = PBXFileReference; fileEncoding = 4; lastKnownFileType = sourcecode.swift; path = CreditCardType.swift; sourceTree = "<group>"; };
		848709C127A1702000D64653 /* Regex.swift */ = {isa = PBXFileReference; fileEncoding = 4; lastKnownFileType = sourcecode.swift; path = Regex.swift; sourceTree = "<group>"; };
		848709C227A1702000D64653 /* Queue.swift */ = {isa = PBXFileReference; fileEncoding = 4; lastKnownFileType = sourcecode.swift; path = Queue.swift; sourceTree = "<group>"; };
		848709C327A1702000D64653 /* Utility.swift */ = {isa = PBXFileReference; fileEncoding = 4; lastKnownFileType = sourcecode.swift; path = Utility.swift; sourceTree = "<group>"; };
		848709C427A1702000D64653 /* TaskQueue.swift */ = {isa = PBXFileReference; fileEncoding = 4; lastKnownFileType = sourcecode.swift; path = TaskQueue.swift; sourceTree = "<group>"; };
		84870A4427A17BF600D64653 /* Float+.swift */ = {isa = PBXFileReference; lastKnownFileType = sourcecode.swift; path = "Float+.swift"; sourceTree = "<group>"; };
		84870A4F27A4076C00D64653 /* BaseViewController.swift */ = {isa = PBXFileReference; fileEncoding = 4; lastKnownFileType = sourcecode.swift; path = BaseViewController.swift; sourceTree = "<group>"; };
		84870A5027A4076C00D64653 /* BaseView.swift */ = {isa = PBXFileReference; fileEncoding = 4; lastKnownFileType = sourcecode.swift; path = BaseView.swift; sourceTree = "<group>"; };
		84870A5627A4081200D64653 /* Navigateable.swift */ = {isa = PBXFileReference; fileEncoding = 4; lastKnownFileType = sourcecode.swift; path = Navigateable.swift; sourceTree = "<group>"; };
		84870A5727A4081200D64653 /* ViewKey.swift */ = {isa = PBXFileReference; fileEncoding = 4; lastKnownFileType = sourcecode.swift; path = ViewKey.swift; sourceTree = "<group>"; };
		84870A5827A4081200D64653 /* Destinating.swift */ = {isa = PBXFileReference; fileEncoding = 4; lastKnownFileType = sourcecode.swift; path = Destinating.swift; sourceTree = "<group>"; };
		A4B5E4DAD56CA1B7564134CC /* Pods-Soulfully.release.xcconfig */ = {isa = PBXFileReference; includeInIndex = 1; lastKnownFileType = text.xcconfig; name = "Pods-Soulfully.release.xcconfig"; path = "Target Support Files/Pods-Soulfully/Pods-Soulfully.release.xcconfig"; sourceTree = "<group>"; };
		FD069D3464AE5F91EADDC9FF /* Pods-Soulfully.debug.xcconfig */ = {isa = PBXFileReference; includeInIndex = 1; lastKnownFileType = text.xcconfig; name = "Pods-Soulfully.debug.xcconfig"; path = "Target Support Files/Pods-Soulfully/Pods-Soulfully.debug.xcconfig"; sourceTree = "<group>"; };
/* End PBXFileReference section */

/* Begin PBXFrameworksBuildPhase section */
		8426EF1B2793FAB500F18B58 /* Frameworks */ = {
			isa = PBXFrameworksBuildPhase;
			buildActionMask = 2147483647;
			files = (
				8487094627A16FD000D64653 /* SoulfullyUtils.framework in Frameworks */,
				8426EFB22794243500F18B58 /* RxSwift in Frameworks */,
				84870A3827A1763400D64653 /* SwiftDate in Frameworks */,
				8426EFB02794243500F18B58 /* RxRelay in Frameworks */,
				8426EFAB2794240000F18B58 /* Kingfisher in Frameworks */,
				8426EFB5279424A900F18B58 /* SnapKit in Frameworks */,
				8426EF8627941D4100F18B58 /* SoulfullyNetworking.framework in Frameworks */,
				8426EFAE2794243500F18B58 /* RxCocoa in Frameworks */,
				8426EFA8279423A400F18B58 /* Alamofire in Frameworks */,
				DCD5123482C215CBAE0468A0 /* Pods_Soulfully.framework in Frameworks */,
			);
			runOnlyForDeploymentPostprocessing = 0;
		};
		8426EF312793FAB600F18B58 /* Frameworks */ = {
			isa = PBXFrameworksBuildPhase;
			buildActionMask = 2147483647;
			files = (
			);
			runOnlyForDeploymentPostprocessing = 0;
		};
		8426EF3B2793FAB600F18B58 /* Frameworks */ = {
			isa = PBXFrameworksBuildPhase;
			buildActionMask = 2147483647;
			files = (
			);
			runOnlyForDeploymentPostprocessing = 0;
		};
		8426EF7D27941D4100F18B58 /* Frameworks */ = {
			isa = PBXFrameworksBuildPhase;
			buildActionMask = 2147483647;
			files = (
				8426EFB72794379000F18B58 /* Alamofire in Frameworks */,
			);
			runOnlyForDeploymentPostprocessing = 0;
		};
		8487093D27A16FD000D64653 /* Frameworks */ = {
			isa = PBXFrameworksBuildPhase;
			buildActionMask = 2147483647;
			files = (
				84870A4127A178B800D64653 /* Kingfisher in Frameworks */,
				84870A3A27A1766000D64653 /* SwiftDate in Frameworks */,
				84870A2B27A1708B00D64653 /* RxSwift in Frameworks */,
				84870A4327A17A6100D64653 /* SnapKit in Frameworks */,
				84870A2927A1708B00D64653 /* RxRelay in Frameworks */,
				84870A2727A1708B00D64653 /* RxCocoa in Frameworks */,
			);
			runOnlyForDeploymentPostprocessing = 0;
		};
/* End PBXFrameworksBuildPhase section */

/* Begin PBXGroup section */
		6B9C1C065BCBB3E20C3BF677 /* Pods */ = {
			isa = PBXGroup;
			children = (
				FD069D3464AE5F91EADDC9FF /* Pods-Soulfully.debug.xcconfig */,
				A4B5E4DAD56CA1B7564134CC /* Pods-Soulfully.release.xcconfig */,
			);
			path = Pods;
			sourceTree = "<group>";
		};
		8426EF152793FAB500F18B58 = {
			isa = PBXGroup;
			children = (
				8426EF202793FAB500F18B58 /* Soulfully */,
				8487094127A16FD000D64653 /* SoulfullyUtils */,
				8426EF8127941D4100F18B58 /* SoulfullyNetworking */,
				8426EF372793FAB600F18B58 /* SoulfullyTests */,
				8426EF412793FAB600F18B58 /* SoulfullyUITests */,
				8426EF1F2793FAB500F18B58 /* Products */,
				6B9C1C065BCBB3E20C3BF677 /* Pods */,
				EC8CEF42A195796A43A1BCF1 /* Frameworks */,
			);
			sourceTree = "<group>";
		};
		8426EF1F2793FAB500F18B58 /* Products */ = {
			isa = PBXGroup;
			children = (
				8426EF1E2793FAB500F18B58 /* Soulfully.app */,
				8426EF342793FAB600F18B58 /* SoulfullyTests.xctest */,
				8426EF3E2793FAB600F18B58 /* SoulfullyUITests.xctest */,
				8426EF8027941D4100F18B58 /* SoulfullyNetworking.framework */,
				8487094027A16FD000D64653 /* SoulfullyUtils.framework */,
			);
			name = Products;
			sourceTree = "<group>";
		};
		8426EF202793FAB500F18B58 /* Soulfully */ = {
			isa = PBXGroup;
			children = (
				8426EF212793FAB500F18B58 /* AppDelegate.swift */,
				845A942927BE323800A21998 /* Constant */,
				8487093927A16F5A00D64653 /* Configuration */,
				84870A3227A171B100D64653 /* Application */,
				84870A2F27A1715100D64653 /* Resource */,
				84870A4E27A4074B00D64653 /* Common */,
				8487093827A16F5000D64653 /* Entity */,
				84870A3127A1716700D64653 /* UseCase */,
				84870A3027A1716000D64653 /* Service */,
				84870A2E27A1714900D64653 /* Storyboard */,
				84870A2D27A1713800D64653 /* Interface */,
			);
			path = Soulfully;
			sourceTree = "<group>";
		};
		8426EF372793FAB600F18B58 /* SoulfullyTests */ = {
			isa = PBXGroup;
			children = (
				8426EF382793FAB600F18B58 /* SoulfullyTests.swift */,
			);
			path = SoulfullyTests;
			sourceTree = "<group>";
		};
		8426EF412793FAB600F18B58 /* SoulfullyUITests */ = {
			isa = PBXGroup;
			children = (
				8426EF422793FAB600F18B58 /* SoulfullyUITests.swift */,
				8426EF442793FAB600F18B58 /* SoulfullyUITestsLaunchTests.swift */,
			);
			path = SoulfullyUITests;
			sourceTree = "<group>";
		};
		8426EF8127941D4100F18B58 /* SoulfullyNetworking */ = {
			isa = PBXGroup;
			children = (
				8426EF8227941D4100F18B58 /* SoulfullyNetworking.h */,
				8426EF8D27941E4C00F18B58 /* Networking */,
			);
			path = SoulfullyNetworking;
			sourceTree = "<group>";
		};
		8426EF8D27941E4C00F18B58 /* Networking */ = {
			isa = PBXGroup;
			children = (
				8426EF8E27941E4C00F18B58 /* Logger */,
				8426EF9027941E4C00F18B58 /* Configable */,
				8426EF9227941E4C00F18B58 /* SoulfullyNetworkProvider.swift */,
				8426EF9327941E4C00F18B58 /* Requestable */,
			);
			path = Networking;
			sourceTree = "<group>";
		};
		8426EF8E27941E4C00F18B58 /* Logger */ = {
			isa = PBXGroup;
			children = (
				8426EF8F27941E4C00F18B58 /* NeoNetworkingLogger.swift */,
			);
			path = Logger;
			sourceTree = "<group>";
		};
		8426EF9027941E4C00F18B58 /* Configable */ = {
			isa = PBXGroup;
			children = (
				8426EF9127941E4C00F18B58 /* APIConfigable.swift */,
			);
			path = Configable;
			sourceTree = "<group>";
		};
		8426EF9327941E4C00F18B58 /* Requestable */ = {
			isa = PBXGroup;
			children = (
				8426EF9427941E4C00F18B58 /* KSTApiInputable */,
				8426EF9627941E4C00F18B58 /* SoulfullyRequestable.swift */,
				8426EF9727941E4C00F18B58 /* KSTApiOutputable */,
				8426EF9C27941E4C00F18B58 /* Implement */,
			);
			path = Requestable;
			sourceTree = "<group>";
		};
		8426EF9427941E4C00F18B58 /* KSTApiInputable */ = {
			isa = PBXGroup;
			children = (
				8426EF9527941E4C00F18B58 /* SoulfullyApiInputable.swift */,
			);
			path = KSTApiInputable;
			sourceTree = "<group>";
		};
		8426EF9727941E4C00F18B58 /* KSTApiOutputable */ = {
			isa = PBXGroup;
			children = (
				8426EF9827941E4C00F18B58 /* Parser */,
				8426EF9B27941E4C00F18B58 /* SoulfullyApiOutputable.swift */,
			);
			path = KSTApiOutputable;
			sourceTree = "<group>";
		};
		8426EF9827941E4C00F18B58 /* Parser */ = {
			isa = PBXGroup;
			children = (
				8426EF9927941E4C00F18B58 /* DefaultParser */,
			);
			path = Parser;
			sourceTree = "<group>";
		};
		8426EF9927941E4C00F18B58 /* DefaultParser */ = {
			isa = PBXGroup;
			children = (
				8426EF9A27941E4C00F18B58 /* Parseable.swift */,
			);
			path = DefaultParser;
			sourceTree = "<group>";
		};
		8426EF9C27941E4C00F18B58 /* Implement */ = {
			isa = PBXGroup;
			children = (
				8426EF9D27941E4C00F18B58 /* AlamofireRequester.swift */,
			);
			path = Implement;
			sourceTree = "<group>";
		};
		8440E75E27BE633A001707D8 /* SocialSignInUpView */ = {
			isa = PBXGroup;
			children = (
				8440E75F27BE6357001707D8 /* SocialSignInUpView.xib */,
				8440E76127BE636F001707D8 /* SocialSignInUpView.swift */,
			);
			path = SocialSignInUpView;
			sourceTree = "<group>";
		};
		8440E76327BEE756001707D8 /* DashboardTabBar */ = {
			isa = PBXGroup;
			children = (
				8440E76427BEE756001707D8 /* DashboardTabBarController.xib */,
				8440E76527BEE756001707D8 /* DashboardTabBarController.swift */,
			);
			path = DashboardTabBar;
			sourceTree = "<group>";
		};
		8440E76E27BEE8AF001707D8 /* Home */ = {
			isa = PBXGroup;
			children = (
				8440E77127BEE8D5001707D8 /* HomeViewController.swift */,
				8440E77227BEE8D5001707D8 /* HomeViewController.xib */,
				8440E77527BEE8DF001707D8 /* HomeViewModel.swift */,
			);
			path = Home;
			sourceTree = "<group>";
		};
		8440E76F27BEE8BA001707D8 /* Discover */ = {
			isa = PBXGroup;
			children = (
			);
			path = Discover;
			sourceTree = "<group>";
		};
		8440E77027BEE8BF001707D8 /* Profile */ = {
			isa = PBXGroup;
			children = (
			);
			path = Profile;
			sourceTree = "<group>";
		};
		845A941F27BAA3EE00A21998 /* CustomView */ = {
			isa = PBXGroup;
			children = (
				8440E75E27BE633A001707D8 /* SocialSignInUpView */,
				845A942027BAA45B00A21998 /* SignInUpLoginInfoView */,
			);
			path = CustomView;
			sourceTree = "<group>";
		};
		845A942027BAA45B00A21998 /* SignInUpLoginInfoView */ = {
			isa = PBXGroup;
			children = (
				845A942127BB40FB00A21998 /* SignInUpLoginInfoView.xib */,
				8440E75C27BE5E9C001707D8 /* SignInUpInfoView.swift */,
			);
			path = SignInUpLoginInfoView;
			sourceTree = "<group>";
		};
		845A942927BE323800A21998 /* Constant */ = {
			isa = PBXGroup;
			children = (
				844E4E3427A85D1E0013CAD2 /* AppDefine.swift */,
				844E4E3627A860670013CAD2 /* ColorDefine.swift */,
				8440E77927BEE98D001707D8 /* AppErrorDefine.swift */,
			);
			path = Constant;
			sourceTree = "<group>";
		};
		8487093827A16F5000D64653 /* Entity */ = {
			isa = PBXGroup;
			children = (
			);
			path = Entity;
			sourceTree = "<group>";
		};
		8487093927A16F5A00D64653 /* Configuration */ = {
			isa = PBXGroup;
			children = (
			);
			path = Configuration;
			sourceTree = "<group>";
		};
		8487094127A16FD000D64653 /* SoulfullyUtils */ = {
			isa = PBXGroup;
			children = (
				8487094227A16FD000D64653 /* SoulfullyUtils.h */,
				8487094B27A1702000D64653 /* Utils */,
			);
			path = SoulfullyUtils;
			sourceTree = "<group>";
		};
		8487094B27A1702000D64653 /* Utils */ = {
			isa = PBXGroup;
			children = (
				8487094C27A1702000D64653 /* Enumerate */,
				8487095327A1702000D64653 /* Extension */,
				8487097E27A1702000D64653 /* Location */,
				8487098027A1702000D64653 /* FileManagement */,
				848709A927A1702000D64653 /* ImageManagement */,
				848709B127A1702000D64653 /* DateManagement */,
				848709B627A1702000D64653 /* Assets */,
				848709BC27A1702000D64653 /* Utility */,
			);
			path = Utils;
			sourceTree = "<group>";
		};
		8487094C27A1702000D64653 /* Enumerate */ = {
			isa = PBXGroup;
			children = (
			);
			path = Enumerate;
			sourceTree = "<group>";
		};
		8487095327A1702000D64653 /* Extension */ = {
			isa = PBXGroup;
			children = (
				8487095427A1702000D64653 /* Date.swift */,
				8487095527A1702000D64653 /* Scrollable+.swift */,
				8487095627A1702000D64653 /* Screen+.swift */,
				8487095727A1702000D64653 /* GestureRecognizer+.swift */,
				8487095827A1702000D64653 /* RxCocoa+.swift */,
				8487095927A1702000D64653 /* Int+.swift */,
				8487095A27A1702000D64653 /* Rx+.swift */,
				8487095B27A1702000D64653 /* Animation.swift */,
				8487095C27A1702000D64653 /* IdentifierCell.swift */,
				8487095F27A1702000D64653 /* NavigationBar+.swift */,
				8487096027A1702000D64653 /* TextField+.swift */,
				8487096127A1702000D64653 /* Constraint+.swift */,
				8487096227A1702000D64653 /* TextView+.swift */,
				8487096327A1702000D64653 /* Array+.swift */,
				8487096427A1702000D64653 /* Sequence+.swift */,
				8487096527A1702000D64653 /* UIView+.swift */,
				8487096627A1702000D64653 /* String+.swift */,
				8487096727A1702000D64653 /* Gradient+.swift */,
				8487096827A1702000D64653 /* NSMutableAttributedString+.swift */,
				8487096927A1702000D64653 /* PHAsset+.swift */,
				8487096A27A1702000D64653 /* Notification.Name+.swift */,
				8487096B27A1702000D64653 /* Application+.swift */,
				8487096C27A1702000D64653 /* UIImagePickerController+.swift */,
				8487096D27A1702000D64653 /* Data+.swift */,
				8487096F27A1702000D64653 /* Formatter+.swift */,
				8487097127A1702000D64653 /* UIButton+.swift */,
				8487097227A1702000D64653 /* UICollectionView+.swift */,
				8487097327A1702000D64653 /* UIViewController.swift */,
				8487097427A1702000D64653 /* Observable+.swift */,
				8487097527A1702000D64653 /* Optional+.swift */,
				8487097627A1702000D64653 /* CGFloat+.swift */,
				8487097727A1702000D64653 /* BarButtonItem+.swift */,
				8487097827A1702000D64653 /* ScaleFactor.swift */,
				8487097927A1702000D64653 /* UIImage+.swift */,
				8487097A27A1702000D64653 /* Font+.swift */,
				8487097B27A1702000D64653 /* FontSize+.swift */,
				8487097C27A1702000D64653 /* Label+.swift */,
				8487097D27A1702000D64653 /* UIColor+.swift */,
				84870A4427A17BF600D64653 /* Float+.swift */,
			);
			path = Extension;
			sourceTree = "<group>";
		};
		8487097E27A1702000D64653 /* Location */ = {
			isa = PBXGroup;
			children = (
				8487097F27A1702000D64653 /* LocationManagement.swift */,
			);
			path = Location;
			sourceTree = "<group>";
		};
		8487098027A1702000D64653 /* FileManagement */ = {
			isa = PBXGroup;
			children = (
				8487098127A1702000D64653 /* FileManagement.swift */,
			);
			path = FileManagement;
			sourceTree = "<group>";
		};
		848709A927A1702000D64653 /* ImageManagement */ = {
			isa = PBXGroup;
			children = (
				848709AA27A1702000D64653 /* ImageProcess.swift */,
				848709AB27A1702000D64653 /* ImageManager.swift */,
				848709AC27A1702000D64653 /* Image+Gif.swift */,
				848709AD27A1702000D64653 /* PDFResourceHelper.swift */,
				848709AE27A1702000D64653 /* RxImagePickerDelegateProxy.swift */,
				848709AF27A1702000D64653 /* UIImage+PDF.swift */,
				848709B027A1702000D64653 /* UIImagePickerController+RxCreate.swift */,
			);
			path = ImageManagement;
			sourceTree = "<group>";
		};
		848709B127A1702000D64653 /* DateManagement */ = {
			isa = PBXGroup;
			children = (
				848709B227A1702000D64653 /* DateFormat.swift */,
				848709B327A1702000D64653 /* DateManagement.swift */,
			);
			path = DateManagement;
			sourceTree = "<group>";
		};
		848709B627A1702000D64653 /* Assets */ = {
			isa = PBXGroup;
			children = (
				848709B727A1702000D64653 /* PHAssetManager.swift */,
			);
			path = Assets;
			sourceTree = "<group>";
		};
		848709BC27A1702000D64653 /* Utility */ = {
			isa = PBXGroup;
			children = (
				848709BD27A1702000D64653 /* TextSize.swift */,
				848709BE27A1702000D64653 /* Operator.swift */,
				848709BF27A1702000D64653 /* Validation.swift */,
				848709C027A1702000D64653 /* CreditCardType.swift */,
				848709C127A1702000D64653 /* Regex.swift */,
				848709C227A1702000D64653 /* Queue.swift */,
				848709C327A1702000D64653 /* Utility.swift */,
				848709C427A1702000D64653 /* TaskQueue.swift */,
			);
			path = Utility;
			sourceTree = "<group>";
		};
		84870A2D27A1713800D64653 /* Interface */ = {
			isa = PBXGroup;
			children = (
				84870A4C27A406DB00D64653 /* Destination */,
				84870A4D27A406E400D64653 /* Scene */,
			);
			path = Interface;
			sourceTree = "<group>";
		};
		84870A2E27A1714900D64653 /* Storyboard */ = {
			isa = PBXGroup;
			children = (
				8426EF2C2793FAB600F18B58 /* LaunchScreen.storyboard */,
				845A941D27BAA07200A21998 /* Login.storyboard */,
			);
			path = Storyboard;
			sourceTree = "<group>";
		};
		84870A2F27A1715100D64653 /* Resource */ = {
			isa = PBXGroup;
			children = (
				8426EF2F2793FAB600F18B58 /* Info.plist */,
				8426EF2A2793FAB600F18B58 /* Assets.xcassets */,
			);
			path = Resource;
			sourceTree = "<group>";
		};
		84870A3027A1716000D64653 /* Service */ = {
			isa = PBXGroup;
			children = (
				84870A5E27A4086200D64653 /* AppService */,
				84870A5D27A4085200D64653 /* Loading */,
				84870A5527A407F400D64653 /* Theme */,
				84870A5327A407CE00D64653 /* Navigateable */,
				84870A5427A407DE00D64653 /* API */,
			);
			path = Service;
			sourceTree = "<group>";
		};
		84870A3127A1716700D64653 /* UseCase */ = {
			isa = PBXGroup;
			children = (
			);
			path = UseCase;
			sourceTree = "<group>";
		};
		84870A3227A171B100D64653 /* Application */ = {
			isa = PBXGroup;
			children = (
			);
			path = Application;
			sourceTree = "<group>";
		};
		84870A4C27A406DB00D64653 /* Destination */ = {
			isa = PBXGroup;
			children = (
				8440E76827BEE7EB001707D8 /* HomeDestination.swift */,
				8440E76A27BEE7F9001707D8 /* DiscoverDestination.swift */,
				8440E76C27BEE844001707D8 /* ProfileDestination.swift */,
			);
			path = Destination;
			sourceTree = "<group>";
		};
		84870A4D27A406E400D64653 /* Scene */ = {
			isa = PBXGroup;
			children = (
				8440E76327BEE756001707D8 /* DashboardTabBar */,
				8440E76E27BEE8AF001707D8 /* Home */,
				8440E77027BEE8BF001707D8 /* Profile */,
				8440E76F27BEE8BA001707D8 /* Discover */,
			);
			path = Scene;
			sourceTree = "<group>";
		};
		84870A4E27A4074B00D64653 /* Common */ = {
			isa = PBXGroup;
			children = (
				845A941F27BAA3EE00A21998 /* CustomView */,
				84870A5027A4076C00D64653 /* BaseView.swift */,
				84870A4F27A4076C00D64653 /* BaseViewController.swift */,
				8440E77727BEE92C001707D8 /* ViewModelTransformable.swift */,
				8440E77B27BF3808001707D8 /* ActivityIndicator.swift */,
			);
			path = Common;
			sourceTree = "<group>";
		};
		84870A5327A407CE00D64653 /* Navigateable */ = {
			isa = PBXGroup;
			children = (
				84870A5827A4081200D64653 /* Destinating.swift */,
				84870A5627A4081200D64653 /* Navigateable.swift */,
				84870A5727A4081200D64653 /* ViewKey.swift */,
			);
			path = Navigateable;
			sourceTree = "<group>";
		};
		84870A5427A407DE00D64653 /* API */ = {
			isa = PBXGroup;
			children = (
			);
			path = API;
			sourceTree = "<group>";
		};
		84870A5527A407F400D64653 /* Theme */ = {
			isa = PBXGroup;
			children = (
			);
			path = Theme;
			sourceTree = "<group>";
		};
		84870A5D27A4085200D64653 /* Loading */ = {
			isa = PBXGroup;
			children = (
			);
			path = Loading;
			sourceTree = "<group>";
		};
		84870A5E27A4086200D64653 /* AppService */ = {
			isa = PBXGroup;
			children = (
			);
			path = AppService;
			sourceTree = "<group>";
		};
		EC8CEF42A195796A43A1BCF1 /* Frameworks */ = {
			isa = PBXGroup;
			children = (
				05F7BAB3D1AEE2F9FACEC27A /* Pods_Soulfully.framework */,
			);
			name = Frameworks;
			sourceTree = "<group>";
		};
/* End PBXGroup section */

/* Begin PBXHeadersBuildPhase section */
		8426EF7B27941D4100F18B58 /* Headers */ = {
			isa = PBXHeadersBuildPhase;
			buildActionMask = 2147483647;
			files = (
				8426EF8327941D4100F18B58 /* SoulfullyNetworking.h in Headers */,
			);
			runOnlyForDeploymentPostprocessing = 0;
		};
		8487093B27A16FD000D64653 /* Headers */ = {
			isa = PBXHeadersBuildPhase;
			buildActionMask = 2147483647;
			files = (
				8487094327A16FD000D64653 /* SoulfullyUtils.h in Headers */,
			);
			runOnlyForDeploymentPostprocessing = 0;
		};
/* End PBXHeadersBuildPhase section */

/* Begin PBXNativeTarget section */
		8426EF1D2793FAB500F18B58 /* Soulfully */ = {
			isa = PBXNativeTarget;
			buildConfigurationList = 8426EF482793FAB600F18B58 /* Build configuration list for PBXNativeTarget "Soulfully" */;
			buildPhases = (
				5683B5503C2F3560BB873BEF /* [CP] Check Pods Manifest.lock */,
				8426EF1A2793FAB500F18B58 /* Sources */,
				8426EF1B2793FAB500F18B58 /* Frameworks */,
				8426EF1C2793FAB500F18B58 /* Resources */,
				8426EF8C27941DF100F18B58 /* Swiftlint */,
				8426EF8827941D4100F18B58 /* Embed Frameworks */,
				0ACA0F0E1233241A6563C630 /* [CP] Embed Pods Frameworks */,
			);
			buildRules = (
			);
			dependencies = (
				8426EF8527941D4100F18B58 /* PBXTargetDependency */,
				8487094527A16FD000D64653 /* PBXTargetDependency */,
			);
			name = Soulfully;
			packageProductDependencies = (
				8426EFA7279423A400F18B58 /* Alamofire */,
				8426EFAA2794240000F18B58 /* Kingfisher */,
				8426EFAD2794243500F18B58 /* RxCocoa */,
				8426EFAF2794243500F18B58 /* RxRelay */,
				8426EFB12794243500F18B58 /* RxSwift */,
				8426EFB4279424A900F18B58 /* SnapKit */,
				84870A3727A1763400D64653 /* SwiftDate */,
			);
			productName = Soulfully;
			productReference = 8426EF1E2793FAB500F18B58 /* Soulfully.app */;
			productType = "com.apple.product-type.application";
		};
		8426EF332793FAB600F18B58 /* SoulfullyTests */ = {
			isa = PBXNativeTarget;
			buildConfigurationList = 8426EF4B2793FAB600F18B58 /* Build configuration list for PBXNativeTarget "SoulfullyTests" */;
			buildPhases = (
				8426EF302793FAB600F18B58 /* Sources */,
				8426EF312793FAB600F18B58 /* Frameworks */,
				8426EF322793FAB600F18B58 /* Resources */,
			);
			buildRules = (
			);
			dependencies = (
				8426EF362793FAB600F18B58 /* PBXTargetDependency */,
			);
			name = SoulfullyTests;
			productName = SoulfullyTests;
			productReference = 8426EF342793FAB600F18B58 /* SoulfullyTests.xctest */;
			productType = "com.apple.product-type.bundle.unit-test";
		};
		8426EF3D2793FAB600F18B58 /* SoulfullyUITests */ = {
			isa = PBXNativeTarget;
			buildConfigurationList = 8426EF4E2793FAB600F18B58 /* Build configuration list for PBXNativeTarget "SoulfullyUITests" */;
			buildPhases = (
				8426EF3A2793FAB600F18B58 /* Sources */,
				8426EF3B2793FAB600F18B58 /* Frameworks */,
				8426EF3C2793FAB600F18B58 /* Resources */,
			);
			buildRules = (
			);
			dependencies = (
				8426EF402793FAB600F18B58 /* PBXTargetDependency */,
			);
			name = SoulfullyUITests;
			productName = SoulfullyUITests;
			productReference = 8426EF3E2793FAB600F18B58 /* SoulfullyUITests.xctest */;
			productType = "com.apple.product-type.bundle.ui-testing";
		};
		8426EF7F27941D4100F18B58 /* SoulfullyNetworking */ = {
			isa = PBXNativeTarget;
			buildConfigurationList = 8426EF8B27941D4100F18B58 /* Build configuration list for PBXNativeTarget "SoulfullyNetworking" */;
			buildPhases = (
				8426EF7B27941D4100F18B58 /* Headers */,
				8426EF7C27941D4100F18B58 /* Sources */,
				8426EF7D27941D4100F18B58 /* Frameworks */,
				8426EF7E27941D4100F18B58 /* Resources */,
			);
			buildRules = (
			);
			dependencies = (
			);
			name = SoulfullyNetworking;
			packageProductDependencies = (
				8426EFB62794379000F18B58 /* Alamofire */,
			);
			productName = SoulfullyNetworking;
			productReference = 8426EF8027941D4100F18B58 /* SoulfullyNetworking.framework */;
			productType = "com.apple.product-type.framework";
		};
		8487093F27A16FD000D64653 /* SoulfullyUtils */ = {
			isa = PBXNativeTarget;
			buildConfigurationList = 8487094827A16FD000D64653 /* Build configuration list for PBXNativeTarget "SoulfullyUtils" */;
			buildPhases = (
				8487093B27A16FD000D64653 /* Headers */,
				8487093C27A16FD000D64653 /* Sources */,
				8487093D27A16FD000D64653 /* Frameworks */,
				8487093E27A16FD000D64653 /* Resources */,
			);
			buildRules = (
			);
			dependencies = (
			);
			name = SoulfullyUtils;
			packageProductDependencies = (
				84870A2627A1708B00D64653 /* RxCocoa */,
				84870A2827A1708B00D64653 /* RxRelay */,
				84870A2A27A1708B00D64653 /* RxSwift */,
				84870A3927A1766000D64653 /* SwiftDate */,
				84870A4027A178B800D64653 /* Kingfisher */,
				84870A4227A17A6100D64653 /* SnapKit */,
			);
			productName = SoulfullyUtils;
			productReference = 8487094027A16FD000D64653 /* SoulfullyUtils.framework */;
			productType = "com.apple.product-type.framework";
		};
/* End PBXNativeTarget section */

/* Begin PBXProject section */
		8426EF162793FAB500F18B58 /* Project object */ = {
			isa = PBXProject;
			attributes = {
				BuildIndependentTargetsInParallel = 1;
				LastSwiftUpdateCheck = 1320;
				LastUpgradeCheck = 1320;
				TargetAttributes = {
					8426EF1D2793FAB500F18B58 = {
						CreatedOnToolsVersion = 13.2.1;
					};
					8426EF332793FAB600F18B58 = {
						CreatedOnToolsVersion = 13.2.1;
						TestTargetID = 8426EF1D2793FAB500F18B58;
					};
					8426EF3D2793FAB600F18B58 = {
						CreatedOnToolsVersion = 13.2.1;
						TestTargetID = 8426EF1D2793FAB500F18B58;
					};
					8426EF7F27941D4100F18B58 = {
						CreatedOnToolsVersion = 13.2.1;
					};
					8487093F27A16FD000D64653 = {
						CreatedOnToolsVersion = 13.2.1;
					};
				};
			};
			buildConfigurationList = 8426EF192793FAB500F18B58 /* Build configuration list for PBXProject "Soulfully" */;
			compatibilityVersion = "Xcode 13.0";
			developmentRegion = en;
			hasScannedForEncodings = 0;
			knownRegions = (
				en,
				Base,
			);
			mainGroup = 8426EF152793FAB500F18B58;
			packageReferences = (
				8426EFA6279423A400F18B58 /* XCRemoteSwiftPackageReference "Alamofire" */,
				8426EFA92794240000F18B58 /* XCRemoteSwiftPackageReference "Kingfisher" */,
				8426EFAC2794243500F18B58 /* XCRemoteSwiftPackageReference "RxSwift" */,
				8426EFB3279424A900F18B58 /* XCRemoteSwiftPackageReference "SnapKit" */,
				84870A3627A1763400D64653 /* XCRemoteSwiftPackageReference "SwiftDate" */,
			);
			productRefGroup = 8426EF1F2793FAB500F18B58 /* Products */;
			projectDirPath = "";
			projectRoot = "";
			targets = (
				8426EF1D2793FAB500F18B58 /* Soulfully */,
				8426EF7F27941D4100F18B58 /* SoulfullyNetworking */,
				8487093F27A16FD000D64653 /* SoulfullyUtils */,
				8426EF332793FAB600F18B58 /* SoulfullyTests */,
				8426EF3D2793FAB600F18B58 /* SoulfullyUITests */,
			);
		};
/* End PBXProject section */

/* Begin PBXResourcesBuildPhase section */
		8426EF1C2793FAB500F18B58 /* Resources */ = {
			isa = PBXResourcesBuildPhase;
			buildActionMask = 2147483647;
			files = (
				8440E76627BEE756001707D8 /* DashboardTabBarController.xib in Resources */,
				8426EF2E2793FAB600F18B58 /* LaunchScreen.storyboard in Resources */,
				8426EF2B2793FAB600F18B58 /* Assets.xcassets in Resources */,
				8440E76027BE6357001707D8 /* SocialSignInUpView.xib in Resources */,
				845A942227BB40FB00A21998 /* SignInUpLoginInfoView.xib in Resources */,
				8440E77427BEE8D5001707D8 /* HomeViewController.xib in Resources */,
				845A941E27BAA07200A21998 /* Login.storyboard in Resources */,
			);
			runOnlyForDeploymentPostprocessing = 0;
		};
		8426EF322793FAB600F18B58 /* Resources */ = {
			isa = PBXResourcesBuildPhase;
			buildActionMask = 2147483647;
			files = (
			);
			runOnlyForDeploymentPostprocessing = 0;
		};
		8426EF3C2793FAB600F18B58 /* Resources */ = {
			isa = PBXResourcesBuildPhase;
			buildActionMask = 2147483647;
			files = (
			);
			runOnlyForDeploymentPostprocessing = 0;
		};
		8426EF7E27941D4100F18B58 /* Resources */ = {
			isa = PBXResourcesBuildPhase;
			buildActionMask = 2147483647;
			files = (
			);
			runOnlyForDeploymentPostprocessing = 0;
		};
		8487093E27A16FD000D64653 /* Resources */ = {
			isa = PBXResourcesBuildPhase;
			buildActionMask = 2147483647;
			files = (
			);
			runOnlyForDeploymentPostprocessing = 0;
		};
/* End PBXResourcesBuildPhase section */

/* Begin PBXShellScriptBuildPhase section */
		0ACA0F0E1233241A6563C630 /* [CP] Embed Pods Frameworks */ = {
			isa = PBXShellScriptBuildPhase;
			buildActionMask = 2147483647;
			files = (
			);
			inputFileListPaths = (
				"${PODS_ROOT}/Target Support Files/Pods-Soulfully/Pods-Soulfully-frameworks-${CONFIGURATION}-input-files.xcfilelist",
			);
			name = "[CP] Embed Pods Frameworks";
			outputFileListPaths = (
				"${PODS_ROOT}/Target Support Files/Pods-Soulfully/Pods-Soulfully-frameworks-${CONFIGURATION}-output-files.xcfilelist",
			);
			runOnlyForDeploymentPostprocessing = 0;
			shellPath = /bin/sh;
			shellScript = "\"${PODS_ROOT}/Target Support Files/Pods-Soulfully/Pods-Soulfully-frameworks.sh\"\n";
			showEnvVarsInLog = 0;
		};
		5683B5503C2F3560BB873BEF /* [CP] Check Pods Manifest.lock */ = {
			isa = PBXShellScriptBuildPhase;
			buildActionMask = 2147483647;
			files = (
			);
			inputFileListPaths = (
			);
			inputPaths = (
				"${PODS_PODFILE_DIR_PATH}/Podfile.lock",
				"${PODS_ROOT}/Manifest.lock",
			);
			name = "[CP] Check Pods Manifest.lock";
			outputFileListPaths = (
			);
			outputPaths = (
				"$(DERIVED_FILE_DIR)/Pods-Soulfully-checkManifestLockResult.txt",
			);
			runOnlyForDeploymentPostprocessing = 0;
			shellPath = /bin/sh;
			shellScript = "diff \"${PODS_PODFILE_DIR_PATH}/Podfile.lock\" \"${PODS_ROOT}/Manifest.lock\" > /dev/null\nif [ $? != 0 ] ; then\n    # print error to STDERR\n    echo \"error: The sandbox is not in sync with the Podfile.lock. Run 'pod install' or update your CocoaPods installation.\" >&2\n    exit 1\nfi\n# This output is used by Xcode 'outputs' to avoid re-running this script phase.\necho \"SUCCESS\" > \"${SCRIPT_OUTPUT_FILE_0}\"\n";
			showEnvVarsInLog = 0;
		};
		8426EF8C27941DF100F18B58 /* Swiftlint */ = {
			isa = PBXShellScriptBuildPhase;
			buildActionMask = 2147483647;
			files = (
			);
			inputFileListPaths = (
			);
			inputPaths = (
			);
			name = Swiftlint;
			outputFileListPaths = (
			);
			outputPaths = (
			);
			runOnlyForDeploymentPostprocessing = 0;
			shellPath = /bin/sh;
			shellScript = "# Type a script or drag a script file from your workspace to insert its path.\n${PODS_ROOT}/SwiftLint/swiftlint\n";
		};
/* End PBXShellScriptBuildPhase section */

/* Begin PBXSourcesBuildPhase section */
		8426EF1A2793FAB500F18B58 /* Sources */ = {
			isa = PBXSourcesBuildPhase;
			buildActionMask = 2147483647;
			files = (
				8440E76D27BEE844001707D8 /* ProfileDestination.swift in Sources */,
				8440E76727BEE756001707D8 /* DashboardTabBarController.swift in Sources */,
				8440E77C27BF3808001707D8 /* ActivityIndicator.swift in Sources */,
				84870A5927A4081200D64653 /* Navigateable.swift in Sources */,
				8440E77627BEE8DF001707D8 /* HomeViewModel.swift in Sources */,
				84870A5227A4076C00D64653 /* BaseView.swift in Sources */,
				8440E76B27BEE7F9001707D8 /* DiscoverDestination.swift in Sources */,
				8440E77327BEE8D5001707D8 /* HomeViewController.swift in Sources */,
				8440E77A27BEE98D001707D8 /* AppErrorDefine.swift in Sources */,
				8440E76927BEE7EB001707D8 /* HomeDestination.swift in Sources */,
				8440E75D27BE5E9C001707D8 /* SignInUpInfoView.swift in Sources */,
				84870A5A27A4081200D64653 /* ViewKey.swift in Sources */,
				8426EF222793FAB500F18B58 /* AppDelegate.swift in Sources */,
				84870A5B27A4081200D64653 /* Destinating.swift in Sources */,
				8440E77827BEE92C001707D8 /* ViewModelTransformable.swift in Sources */,
				84870A5127A4076C00D64653 /* BaseViewController.swift in Sources */,
				844E4E3727A860670013CAD2 /* ColorDefine.swift in Sources */,
				844E4E3527A85D1E0013CAD2 /* AppDefine.swift in Sources */,
				8440E76227BE636F001707D8 /* SocialSignInUpView.swift in Sources */,
			);
			runOnlyForDeploymentPostprocessing = 0;
		};
		8426EF302793FAB600F18B58 /* Sources */ = {
			isa = PBXSourcesBuildPhase;
			buildActionMask = 2147483647;
			files = (
				8426EF392793FAB600F18B58 /* SoulfullyTests.swift in Sources */,
			);
			runOnlyForDeploymentPostprocessing = 0;
		};
		8426EF3A2793FAB600F18B58 /* Sources */ = {
			isa = PBXSourcesBuildPhase;
			buildActionMask = 2147483647;
			files = (
				8426EF452793FAB600F18B58 /* SoulfullyUITestsLaunchTests.swift in Sources */,
				8426EF432793FAB600F18B58 /* SoulfullyUITests.swift in Sources */,
			);
			runOnlyForDeploymentPostprocessing = 0;
		};
		8426EF7C27941D4100F18B58 /* Sources */ = {
			isa = PBXSourcesBuildPhase;
			buildActionMask = 2147483647;
			files = (
				8426EFA127941E4C00F18B58 /* SoulfullyApiInputable.swift in Sources */,
				8426EFA427941E4C00F18B58 /* SoulfullyApiOutputable.swift in Sources */,
				8426EF9F27941E4C00F18B58 /* APIConfigable.swift in Sources */,
				8426EFA527941E4C00F18B58 /* AlamofireRequester.swift in Sources */,
				8426EF9E27941E4C00F18B58 /* NeoNetworkingLogger.swift in Sources */,
				8426EFA027941E4C00F18B58 /* SoulfullyNetworkProvider.swift in Sources */,
				8426EFA227941E4C00F18B58 /* SoulfullyRequestable.swift in Sources */,
				8426EFA327941E4C00F18B58 /* Parseable.swift in Sources */,
			);
			runOnlyForDeploymentPostprocessing = 0;
		};
		8487093C27A16FD000D64653 /* Sources */ = {
			isa = PBXSourcesBuildPhase;
			buildActionMask = 2147483647;
			files = (
				848709EE27A1702000D64653 /* BarButtonItem+.swift in Sources */,
				848709DA27A1702000D64653 /* Array+.swift in Sources */,
				848709D327A1702000D64653 /* IdentifierCell.swift in Sources */,
				848709E127A1702000D64653 /* Notification.Name+.swift in Sources */,
				84870A2027A1702000D64653 /* Validation.swift in Sources */,
				84870A1F27A1702000D64653 /* Operator.swift in Sources */,
				84870A1127A1702000D64653 /* ImageManager.swift in Sources */,
				848709D827A1702000D64653 /* Constraint+.swift in Sources */,
				848709D727A1702000D64653 /* TextField+.swift in Sources */,
				848709ED27A1702000D64653 /* CGFloat+.swift in Sources */,
				84870A2427A1702000D64653 /* Utility.swift in Sources */,
				84870A1A27A1702000D64653 /* PHAssetManager.swift in Sources */,
				848709CC27A1702000D64653 /* Scrollable+.swift in Sources */,
				84870A1727A1702000D64653 /* DateFormat.swift in Sources */,
				84870A2327A1702000D64653 /* Queue.swift in Sources */,
				848709F327A1702000D64653 /* Label+.swift in Sources */,
				84870A1427A1702000D64653 /* RxImagePickerDelegateProxy.swift in Sources */,
				84870A1227A1702000D64653 /* Image+Gif.swift in Sources */,
				848709CF27A1702000D64653 /* RxCocoa+.swift in Sources */,
				848709DE27A1702000D64653 /* Gradient+.swift in Sources */,
				84870A1027A1702000D64653 /* ImageProcess.swift in Sources */,
				848709E427A1702000D64653 /* Data+.swift in Sources */,
				848709D127A1702000D64653 /* Rx+.swift in Sources */,
				848709F427A1702000D64653 /* UIColor+.swift in Sources */,
				84870A1327A1702000D64653 /* PDFResourceHelper.swift in Sources */,
				848709E627A1702000D64653 /* Formatter+.swift in Sources */,
				848709D627A1702000D64653 /* NavigationBar+.swift in Sources */,
				848709EF27A1702000D64653 /* ScaleFactor.swift in Sources */,
				848709E927A1702000D64653 /* UICollectionView+.swift in Sources */,
				848709DF27A1702000D64653 /* NSMutableAttributedString+.swift in Sources */,
				848709F227A1702000D64653 /* FontSize+.swift in Sources */,
				848709F127A1702000D64653 /* Font+.swift in Sources */,
				848709DB27A1702000D64653 /* Sequence+.swift in Sources */,
				848709DD27A1702000D64653 /* String+.swift in Sources */,
				84870A1827A1702000D64653 /* DateManagement.swift in Sources */,
				84870A1527A1702000D64653 /* UIImage+PDF.swift in Sources */,
				848709F627A1702000D64653 /* FileManagement.swift in Sources */,
				848709DC27A1702000D64653 /* UIView+.swift in Sources */,
				84870A4527A17BF600D64653 /* Float+.swift in Sources */,
				848709EA27A1702000D64653 /* UIViewController.swift in Sources */,
				84870A1E27A1702000D64653 /* TextSize.swift in Sources */,
				848709CB27A1702000D64653 /* Date.swift in Sources */,
				84870A2127A1702000D64653 /* CreditCardType.swift in Sources */,
				848709D927A1702000D64653 /* TextView+.swift in Sources */,
				848709E327A1702000D64653 /* UIImagePickerController+.swift in Sources */,
				84870A2527A1702000D64653 /* TaskQueue.swift in Sources */,
				84870A2227A1702000D64653 /* Regex.swift in Sources */,
				848709E027A1702000D64653 /* PHAsset+.swift in Sources */,
				848709F527A1702000D64653 /* LocationManagement.swift in Sources */,
				848709EB27A1702000D64653 /* Observable+.swift in Sources */,
				848709CD27A1702000D64653 /* Screen+.swift in Sources */,
				848709E227A1702000D64653 /* Application+.swift in Sources */,
				848709CE27A1702000D64653 /* GestureRecognizer+.swift in Sources */,
				848709E827A1702000D64653 /* UIButton+.swift in Sources */,
				848709EC27A1702000D64653 /* Optional+.swift in Sources */,
				848709F027A1702000D64653 /* UIImage+.swift in Sources */,
				848709D227A1702000D64653 /* Animation.swift in Sources */,
				84870A1627A1702000D64653 /* UIImagePickerController+RxCreate.swift in Sources */,
				848709D027A1702000D64653 /* Int+.swift in Sources */,
			);
			runOnlyForDeploymentPostprocessing = 0;
		};
/* End PBXSourcesBuildPhase section */

/* Begin PBXTargetDependency section */
		8426EF362793FAB600F18B58 /* PBXTargetDependency */ = {
			isa = PBXTargetDependency;
			target = 8426EF1D2793FAB500F18B58 /* Soulfully */;
			targetProxy = 8426EF352793FAB600F18B58 /* PBXContainerItemProxy */;
		};
		8426EF402793FAB600F18B58 /* PBXTargetDependency */ = {
			isa = PBXTargetDependency;
			target = 8426EF1D2793FAB500F18B58 /* Soulfully */;
			targetProxy = 8426EF3F2793FAB600F18B58 /* PBXContainerItemProxy */;
		};
		8426EF8527941D4100F18B58 /* PBXTargetDependency */ = {
			isa = PBXTargetDependency;
			target = 8426EF7F27941D4100F18B58 /* SoulfullyNetworking */;
			targetProxy = 8426EF8427941D4100F18B58 /* PBXContainerItemProxy */;
		};
		8487094527A16FD000D64653 /* PBXTargetDependency */ = {
			isa = PBXTargetDependency;
			target = 8487093F27A16FD000D64653 /* SoulfullyUtils */;
			targetProxy = 8487094427A16FD000D64653 /* PBXContainerItemProxy */;
		};
/* End PBXTargetDependency section */

/* Begin PBXVariantGroup section */
		8426EF2C2793FAB600F18B58 /* LaunchScreen.storyboard */ = {
			isa = PBXVariantGroup;
			children = (
				8426EF2D2793FAB600F18B58 /* Base */,
			);
			name = LaunchScreen.storyboard;
			sourceTree = "<group>";
		};
/* End PBXVariantGroup section */

/* Begin XCBuildConfiguration section */
		8426EF462793FAB600F18B58 /* Debug */ = {
			isa = XCBuildConfiguration;
			buildSettings = {
				ALWAYS_SEARCH_USER_PATHS = NO;
				CLANG_ANALYZER_NONNULL = YES;
				CLANG_ANALYZER_NUMBER_OBJECT_CONVERSION = YES_AGGRESSIVE;
				CLANG_CXX_LANGUAGE_STANDARD = "gnu++17";
				CLANG_CXX_LIBRARY = "libc++";
				CLANG_ENABLE_MODULES = YES;
				CLANG_ENABLE_OBJC_ARC = YES;
				CLANG_ENABLE_OBJC_WEAK = YES;
				CLANG_WARN_BLOCK_CAPTURE_AUTORELEASING = YES;
				CLANG_WARN_BOOL_CONVERSION = YES;
				CLANG_WARN_COMMA = YES;
				CLANG_WARN_CONSTANT_CONVERSION = YES;
				CLANG_WARN_DEPRECATED_OBJC_IMPLEMENTATIONS = YES;
				CLANG_WARN_DIRECT_OBJC_ISA_USAGE = YES_ERROR;
				CLANG_WARN_DOCUMENTATION_COMMENTS = YES;
				CLANG_WARN_EMPTY_BODY = YES;
				CLANG_WARN_ENUM_CONVERSION = YES;
				CLANG_WARN_INFINITE_RECURSION = YES;
				CLANG_WARN_INT_CONVERSION = YES;
				CLANG_WARN_NON_LITERAL_NULL_CONVERSION = YES;
				CLANG_WARN_OBJC_IMPLICIT_RETAIN_SELF = YES;
				CLANG_WARN_OBJC_LITERAL_CONVERSION = YES;
				CLANG_WARN_OBJC_ROOT_CLASS = YES_ERROR;
				CLANG_WARN_QUOTED_INCLUDE_IN_FRAMEWORK_HEADER = YES;
				CLANG_WARN_RANGE_LOOP_ANALYSIS = YES;
				CLANG_WARN_STRICT_PROTOTYPES = YES;
				CLANG_WARN_SUSPICIOUS_MOVE = YES;
				CLANG_WARN_UNGUARDED_AVAILABILITY = YES_AGGRESSIVE;
				CLANG_WARN_UNREACHABLE_CODE = YES;
				CLANG_WARN__DUPLICATE_METHOD_MATCH = YES;
				COPY_PHASE_STRIP = NO;
				DEBUG_INFORMATION_FORMAT = dwarf;
				ENABLE_STRICT_OBJC_MSGSEND = YES;
				ENABLE_TESTABILITY = YES;
				GCC_C_LANGUAGE_STANDARD = gnu11;
				GCC_DYNAMIC_NO_PIC = NO;
				GCC_NO_COMMON_BLOCKS = YES;
				GCC_OPTIMIZATION_LEVEL = 0;
				GCC_PREPROCESSOR_DEFINITIONS = (
					"DEBUG=1",
					"$(inherited)",
				);
				GCC_WARN_64_TO_32_BIT_CONVERSION = YES;
				GCC_WARN_ABOUT_RETURN_TYPE = YES_ERROR;
				GCC_WARN_UNDECLARED_SELECTOR = YES;
				GCC_WARN_UNINITIALIZED_AUTOS = YES_AGGRESSIVE;
				GCC_WARN_UNUSED_FUNCTION = YES;
				GCC_WARN_UNUSED_VARIABLE = YES;
				IPHONEOS_DEPLOYMENT_TARGET = 15.2;
				MTL_ENABLE_DEBUG_INFO = INCLUDE_SOURCE;
				MTL_FAST_MATH = YES;
				ONLY_ACTIVE_ARCH = YES;
				SDKROOT = iphoneos;
				SWIFT_ACTIVE_COMPILATION_CONDITIONS = DEBUG;
				SWIFT_OPTIMIZATION_LEVEL = "-Onone";
			};
			name = Debug;
		};
		8426EF472793FAB600F18B58 /* Release */ = {
			isa = XCBuildConfiguration;
			buildSettings = {
				ALWAYS_SEARCH_USER_PATHS = NO;
				CLANG_ANALYZER_NONNULL = YES;
				CLANG_ANALYZER_NUMBER_OBJECT_CONVERSION = YES_AGGRESSIVE;
				CLANG_CXX_LANGUAGE_STANDARD = "gnu++17";
				CLANG_CXX_LIBRARY = "libc++";
				CLANG_ENABLE_MODULES = YES;
				CLANG_ENABLE_OBJC_ARC = YES;
				CLANG_ENABLE_OBJC_WEAK = YES;
				CLANG_WARN_BLOCK_CAPTURE_AUTORELEASING = YES;
				CLANG_WARN_BOOL_CONVERSION = YES;
				CLANG_WARN_COMMA = YES;
				CLANG_WARN_CONSTANT_CONVERSION = YES;
				CLANG_WARN_DEPRECATED_OBJC_IMPLEMENTATIONS = YES;
				CLANG_WARN_DIRECT_OBJC_ISA_USAGE = YES_ERROR;
				CLANG_WARN_DOCUMENTATION_COMMENTS = YES;
				CLANG_WARN_EMPTY_BODY = YES;
				CLANG_WARN_ENUM_CONVERSION = YES;
				CLANG_WARN_INFINITE_RECURSION = YES;
				CLANG_WARN_INT_CONVERSION = YES;
				CLANG_WARN_NON_LITERAL_NULL_CONVERSION = YES;
				CLANG_WARN_OBJC_IMPLICIT_RETAIN_SELF = YES;
				CLANG_WARN_OBJC_LITERAL_CONVERSION = YES;
				CLANG_WARN_OBJC_ROOT_CLASS = YES_ERROR;
				CLANG_WARN_QUOTED_INCLUDE_IN_FRAMEWORK_HEADER = YES;
				CLANG_WARN_RANGE_LOOP_ANALYSIS = YES;
				CLANG_WARN_STRICT_PROTOTYPES = YES;
				CLANG_WARN_SUSPICIOUS_MOVE = YES;
				CLANG_WARN_UNGUARDED_AVAILABILITY = YES_AGGRESSIVE;
				CLANG_WARN_UNREACHABLE_CODE = YES;
				CLANG_WARN__DUPLICATE_METHOD_MATCH = YES;
				COPY_PHASE_STRIP = NO;
				DEBUG_INFORMATION_FORMAT = "dwarf-with-dsym";
				ENABLE_NS_ASSERTIONS = NO;
				ENABLE_STRICT_OBJC_MSGSEND = YES;
				GCC_C_LANGUAGE_STANDARD = gnu11;
				GCC_NO_COMMON_BLOCKS = YES;
				GCC_WARN_64_TO_32_BIT_CONVERSION = YES;
				GCC_WARN_ABOUT_RETURN_TYPE = YES_ERROR;
				GCC_WARN_UNDECLARED_SELECTOR = YES;
				GCC_WARN_UNINITIALIZED_AUTOS = YES_AGGRESSIVE;
				GCC_WARN_UNUSED_FUNCTION = YES;
				GCC_WARN_UNUSED_VARIABLE = YES;
				IPHONEOS_DEPLOYMENT_TARGET = 15.2;
				MTL_ENABLE_DEBUG_INFO = NO;
				MTL_FAST_MATH = YES;
				SDKROOT = iphoneos;
				SWIFT_COMPILATION_MODE = wholemodule;
				SWIFT_OPTIMIZATION_LEVEL = "-O";
				VALIDATE_PRODUCT = YES;
			};
			name = Release;
		};
		8426EF492793FAB600F18B58 /* Debug */ = {
			isa = XCBuildConfiguration;
			baseConfigurationReference = FD069D3464AE5F91EADDC9FF /* Pods-Soulfully.debug.xcconfig */;
			buildSettings = {
				ALWAYS_EMBED_SWIFT_STANDARD_LIBRARIES = YES;
				ASSETCATALOG_COMPILER_APPICON_NAME = AppIcon;
				ASSETCATALOG_COMPILER_GLOBAL_ACCENT_COLOR_NAME = AccentColor;
				CODE_SIGN_STYLE = Automatic;
				CURRENT_PROJECT_VERSION = 1;
				DEVELOPMENT_TEAM = XXGXD5WD8N;
				GENERATE_INFOPLIST_FILE = YES;
				INFOPLIST_FILE = "$(SRCROOT)/Soulfully/Resource/Info.plist";
				INFOPLIST_KEY_UIApplicationSupportsIndirectInputEvents = YES;
				INFOPLIST_KEY_UILaunchStoryboardName = "";
				INFOPLIST_KEY_UIMainStoryboardFile = "";
				INFOPLIST_KEY_UISupportedInterfaceOrientations_iPad = "UIInterfaceOrientationPortrait UIInterfaceOrientationPortraitUpsideDown UIInterfaceOrientationLandscapeLeft UIInterfaceOrientationLandscapeRight";
				INFOPLIST_KEY_UISupportedInterfaceOrientations_iPhone = "UIInterfaceOrientationPortrait UIInterfaceOrientationLandscapeLeft UIInterfaceOrientationLandscapeRight";
				IPHONEOS_DEPLOYMENT_TARGET = 13.0;
				LD_RUNPATH_SEARCH_PATHS = (
					"$(inherited)",
					"@executable_path/Frameworks",
				);
				MARKETING_VERSION = 1.0;
				PRODUCT_BUNDLE_IDENTIFIER = com.anvtd.Soulfully;
				PRODUCT_NAME = "$(TARGET_NAME)";
				SWIFT_EMIT_LOC_STRINGS = YES;
				SWIFT_VERSION = 5.0;
				TARGETED_DEVICE_FAMILY = "1,2";
			};
			name = Debug;
		};
		8426EF4A2793FAB600F18B58 /* Release */ = {
			isa = XCBuildConfiguration;
			baseConfigurationReference = A4B5E4DAD56CA1B7564134CC /* Pods-Soulfully.release.xcconfig */;
			buildSettings = {
				ALWAYS_EMBED_SWIFT_STANDARD_LIBRARIES = YES;
				ASSETCATALOG_COMPILER_APPICON_NAME = AppIcon;
				ASSETCATALOG_COMPILER_GLOBAL_ACCENT_COLOR_NAME = AccentColor;
				CODE_SIGN_STYLE = Automatic;
				CURRENT_PROJECT_VERSION = 1;
				DEVELOPMENT_TEAM = XXGXD5WD8N;
				GENERATE_INFOPLIST_FILE = YES;
				INFOPLIST_FILE = "$(SRCROOT)/Soulfully/Resource/Info.plist";
				INFOPLIST_KEY_UIApplicationSupportsIndirectInputEvents = YES;
				INFOPLIST_KEY_UILaunchStoryboardName = "";
				INFOPLIST_KEY_UIMainStoryboardFile = "";
				INFOPLIST_KEY_UISupportedInterfaceOrientations_iPad = "UIInterfaceOrientationPortrait UIInterfaceOrientationPortraitUpsideDown UIInterfaceOrientationLandscapeLeft UIInterfaceOrientationLandscapeRight";
				INFOPLIST_KEY_UISupportedInterfaceOrientations_iPhone = "UIInterfaceOrientationPortrait UIInterfaceOrientationLandscapeLeft UIInterfaceOrientationLandscapeRight";
				IPHONEOS_DEPLOYMENT_TARGET = 13.0;
				LD_RUNPATH_SEARCH_PATHS = (
					"$(inherited)",
					"@executable_path/Frameworks",
				);
				MARKETING_VERSION = 1.0;
				PRODUCT_BUNDLE_IDENTIFIER = com.anvtd.Soulfully;
				PRODUCT_NAME = "$(TARGET_NAME)";
				SWIFT_EMIT_LOC_STRINGS = YES;
				SWIFT_VERSION = 5.0;
				TARGETED_DEVICE_FAMILY = "1,2";
			};
			name = Release;
		};
		8426EF4C2793FAB600F18B58 /* Debug */ = {
			isa = XCBuildConfiguration;
			buildSettings = {
				ALWAYS_EMBED_SWIFT_STANDARD_LIBRARIES = YES;
				BUNDLE_LOADER = "$(TEST_HOST)";
				CODE_SIGN_STYLE = Automatic;
				CURRENT_PROJECT_VERSION = 1;
				DEVELOPMENT_TEAM = XXGXD5WD8N;
				GENERATE_INFOPLIST_FILE = YES;
				IPHONEOS_DEPLOYMENT_TARGET = 15.2;
				MARKETING_VERSION = 1.0;
				PRODUCT_BUNDLE_IDENTIFIER = com.anvtd.SoulfullyTests;
				PRODUCT_NAME = "$(TARGET_NAME)";
				SWIFT_EMIT_LOC_STRINGS = NO;
				SWIFT_VERSION = 5.0;
				TARGETED_DEVICE_FAMILY = "1,2";
				TEST_HOST = "$(BUILT_PRODUCTS_DIR)/Soulfully.app/Soulfully";
			};
			name = Debug;
		};
		8426EF4D2793FAB600F18B58 /* Release */ = {
			isa = XCBuildConfiguration;
			buildSettings = {
				ALWAYS_EMBED_SWIFT_STANDARD_LIBRARIES = YES;
				BUNDLE_LOADER = "$(TEST_HOST)";
				CODE_SIGN_STYLE = Automatic;
				CURRENT_PROJECT_VERSION = 1;
				DEVELOPMENT_TEAM = XXGXD5WD8N;
				GENERATE_INFOPLIST_FILE = YES;
				IPHONEOS_DEPLOYMENT_TARGET = 15.2;
				MARKETING_VERSION = 1.0;
				PRODUCT_BUNDLE_IDENTIFIER = com.anvtd.SoulfullyTests;
				PRODUCT_NAME = "$(TARGET_NAME)";
				SWIFT_EMIT_LOC_STRINGS = NO;
				SWIFT_VERSION = 5.0;
				TARGETED_DEVICE_FAMILY = "1,2";
				TEST_HOST = "$(BUILT_PRODUCTS_DIR)/Soulfully.app/Soulfully";
			};
			name = Release;
		};
		8426EF4F2793FAB600F18B58 /* Debug */ = {
			isa = XCBuildConfiguration;
			buildSettings = {
				ALWAYS_EMBED_SWIFT_STANDARD_LIBRARIES = YES;
				CODE_SIGN_STYLE = Automatic;
				CURRENT_PROJECT_VERSION = 1;
				DEVELOPMENT_TEAM = XXGXD5WD8N;
				GENERATE_INFOPLIST_FILE = YES;
				MARKETING_VERSION = 1.0;
				PRODUCT_BUNDLE_IDENTIFIER = com.anvtd.SoulfullyUITests;
				PRODUCT_NAME = "$(TARGET_NAME)";
				SWIFT_EMIT_LOC_STRINGS = NO;
				SWIFT_VERSION = 5.0;
				TARGETED_DEVICE_FAMILY = "1,2";
				TEST_TARGET_NAME = Soulfully;
			};
			name = Debug;
		};
		8426EF502793FAB600F18B58 /* Release */ = {
			isa = XCBuildConfiguration;
			buildSettings = {
				ALWAYS_EMBED_SWIFT_STANDARD_LIBRARIES = YES;
				CODE_SIGN_STYLE = Automatic;
				CURRENT_PROJECT_VERSION = 1;
				DEVELOPMENT_TEAM = XXGXD5WD8N;
				GENERATE_INFOPLIST_FILE = YES;
				MARKETING_VERSION = 1.0;
				PRODUCT_BUNDLE_IDENTIFIER = com.anvtd.SoulfullyUITests;
				PRODUCT_NAME = "$(TARGET_NAME)";
				SWIFT_EMIT_LOC_STRINGS = NO;
				SWIFT_VERSION = 5.0;
				TARGETED_DEVICE_FAMILY = "1,2";
				TEST_TARGET_NAME = Soulfully;
			};
			name = Release;
		};
		8426EF8927941D4100F18B58 /* Debug */ = {
			isa = XCBuildConfiguration;
			buildSettings = {
				CODE_SIGN_STYLE = Automatic;
				CURRENT_PROJECT_VERSION = 1;
				DEFINES_MODULE = YES;
				DEVELOPMENT_TEAM = XXGXD5WD8N;
				DYLIB_COMPATIBILITY_VERSION = 1;
				DYLIB_CURRENT_VERSION = 1;
				DYLIB_INSTALL_NAME_BASE = "@rpath";
				GENERATE_INFOPLIST_FILE = YES;
				INFOPLIST_KEY_NSHumanReadableCopyright = "";
				INSTALL_PATH = "$(LOCAL_LIBRARY_DIR)/Frameworks";
				IPHONEOS_DEPLOYMENT_TARGET = 13.0;
				LD_RUNPATH_SEARCH_PATHS = (
					"$(inherited)",
					"@executable_path/Frameworks",
					"@loader_path/Frameworks",
				);
				MARKETING_VERSION = 1.0;
				PRODUCT_BUNDLE_IDENTIFIER = com.anvtd.SoulfullyNetworking;
				PRODUCT_NAME = "$(TARGET_NAME:c99extidentifier)";
				SKIP_INSTALL = YES;
				SWIFT_EMIT_LOC_STRINGS = YES;
				SWIFT_VERSION = 5.0;
				TARGETED_DEVICE_FAMILY = "1,2";
				VERSIONING_SYSTEM = "apple-generic";
				VERSION_INFO_PREFIX = "";
			};
			name = Debug;
		};
		8426EF8A27941D4100F18B58 /* Release */ = {
			isa = XCBuildConfiguration;
			buildSettings = {
				CODE_SIGN_STYLE = Automatic;
				CURRENT_PROJECT_VERSION = 1;
				DEFINES_MODULE = YES;
				DEVELOPMENT_TEAM = XXGXD5WD8N;
				DYLIB_COMPATIBILITY_VERSION = 1;
				DYLIB_CURRENT_VERSION = 1;
				DYLIB_INSTALL_NAME_BASE = "@rpath";
				GENERATE_INFOPLIST_FILE = YES;
				INFOPLIST_KEY_NSHumanReadableCopyright = "";
				INSTALL_PATH = "$(LOCAL_LIBRARY_DIR)/Frameworks";
				IPHONEOS_DEPLOYMENT_TARGET = 13.0;
				LD_RUNPATH_SEARCH_PATHS = (
					"$(inherited)",
					"@executable_path/Frameworks",
					"@loader_path/Frameworks",
				);
				MARKETING_VERSION = 1.0;
				PRODUCT_BUNDLE_IDENTIFIER = com.anvtd.SoulfullyNetworking;
				PRODUCT_NAME = "$(TARGET_NAME:c99extidentifier)";
				SKIP_INSTALL = YES;
				SWIFT_EMIT_LOC_STRINGS = YES;
				SWIFT_VERSION = 5.0;
				TARGETED_DEVICE_FAMILY = "1,2";
				VERSIONING_SYSTEM = "apple-generic";
				VERSION_INFO_PREFIX = "";
			};
			name = Release;
		};
		8487094927A16FD000D64653 /* Debug */ = {
			isa = XCBuildConfiguration;
			buildSettings = {
				CODE_SIGN_STYLE = Automatic;
				CURRENT_PROJECT_VERSION = 1;
				DEFINES_MODULE = YES;
				DEVELOPMENT_TEAM = XXGXD5WD8N;
				DYLIB_COMPATIBILITY_VERSION = 1;
				DYLIB_CURRENT_VERSION = 1;
				DYLIB_INSTALL_NAME_BASE = "@rpath";
				GENERATE_INFOPLIST_FILE = YES;
				INFOPLIST_KEY_NSHumanReadableCopyright = "";
				INSTALL_PATH = "$(LOCAL_LIBRARY_DIR)/Frameworks";
				IPHONEOS_DEPLOYMENT_TARGET = 13.0;
				LD_RUNPATH_SEARCH_PATHS = (
					"$(inherited)",
					"@executable_path/Frameworks",
					"@loader_path/Frameworks",
				);
				MARKETING_VERSION = 1.0;
				PRODUCT_BUNDLE_IDENTIFIER = com.anvtd.SoulfullyUtils;
				PRODUCT_NAME = "$(TARGET_NAME:c99extidentifier)";
				SKIP_INSTALL = YES;
				SWIFT_EMIT_LOC_STRINGS = YES;
				SWIFT_VERSION = 5.0;
				TARGETED_DEVICE_FAMILY = "1,2";
				VERSIONING_SYSTEM = "apple-generic";
				VERSION_INFO_PREFIX = "";
			};
			name = Debug;
		};
		8487094A27A16FD000D64653 /* Release */ = {
			isa = XCBuildConfiguration;
			buildSettings = {
				CODE_SIGN_STYLE = Automatic;
				CURRENT_PROJECT_VERSION = 1;
				DEFINES_MODULE = YES;
				DEVELOPMENT_TEAM = XXGXD5WD8N;
				DYLIB_COMPATIBILITY_VERSION = 1;
				DYLIB_CURRENT_VERSION = 1;
				DYLIB_INSTALL_NAME_BASE = "@rpath";
				GENERATE_INFOPLIST_FILE = YES;
				INFOPLIST_KEY_NSHumanReadableCopyright = "";
				INSTALL_PATH = "$(LOCAL_LIBRARY_DIR)/Frameworks";
				IPHONEOS_DEPLOYMENT_TARGET = 13.0;
				LD_RUNPATH_SEARCH_PATHS = (
					"$(inherited)",
					"@executable_path/Frameworks",
					"@loader_path/Frameworks",
				);
				MARKETING_VERSION = 1.0;
				PRODUCT_BUNDLE_IDENTIFIER = com.anvtd.SoulfullyUtils;
				PRODUCT_NAME = "$(TARGET_NAME:c99extidentifier)";
				SKIP_INSTALL = YES;
				SWIFT_EMIT_LOC_STRINGS = YES;
				SWIFT_VERSION = 5.0;
				TARGETED_DEVICE_FAMILY = "1,2";
				VERSIONING_SYSTEM = "apple-generic";
				VERSION_INFO_PREFIX = "";
			};
			name = Release;
		};
/* End XCBuildConfiguration section */

/* Begin XCConfigurationList section */
		8426EF192793FAB500F18B58 /* Build configuration list for PBXProject "Soulfully" */ = {
			isa = XCConfigurationList;
			buildConfigurations = (
				8426EF462793FAB600F18B58 /* Debug */,
				8426EF472793FAB600F18B58 /* Release */,
			);
			defaultConfigurationIsVisible = 0;
			defaultConfigurationName = Release;
		};
		8426EF482793FAB600F18B58 /* Build configuration list for PBXNativeTarget "Soulfully" */ = {
			isa = XCConfigurationList;
			buildConfigurations = (
				8426EF492793FAB600F18B58 /* Debug */,
				8426EF4A2793FAB600F18B58 /* Release */,
			);
			defaultConfigurationIsVisible = 0;
			defaultConfigurationName = Release;
		};
		8426EF4B2793FAB600F18B58 /* Build configuration list for PBXNativeTarget "SoulfullyTests" */ = {
			isa = XCConfigurationList;
			buildConfigurations = (
				8426EF4C2793FAB600F18B58 /* Debug */,
				8426EF4D2793FAB600F18B58 /* Release */,
			);
			defaultConfigurationIsVisible = 0;
			defaultConfigurationName = Release;
		};
		8426EF4E2793FAB600F18B58 /* Build configuration list for PBXNativeTarget "SoulfullyUITests" */ = {
			isa = XCConfigurationList;
			buildConfigurations = (
				8426EF4F2793FAB600F18B58 /* Debug */,
				8426EF502793FAB600F18B58 /* Release */,
			);
			defaultConfigurationIsVisible = 0;
			defaultConfigurationName = Release;
		};
		8426EF8B27941D4100F18B58 /* Build configuration list for PBXNativeTarget "SoulfullyNetworking" */ = {
			isa = XCConfigurationList;
			buildConfigurations = (
				8426EF8927941D4100F18B58 /* Debug */,
				8426EF8A27941D4100F18B58 /* Release */,
			);
			defaultConfigurationIsVisible = 0;
			defaultConfigurationName = Release;
		};
		8487094827A16FD000D64653 /* Build configuration list for PBXNativeTarget "SoulfullyUtils" */ = {
			isa = XCConfigurationList;
			buildConfigurations = (
				8487094927A16FD000D64653 /* Debug */,
				8487094A27A16FD000D64653 /* Release */,
			);
			defaultConfigurationIsVisible = 0;
			defaultConfigurationName = Release;
		};
/* End XCConfigurationList section */

/* Begin XCRemoteSwiftPackageReference section */
		8426EFA6279423A400F18B58 /* XCRemoteSwiftPackageReference "Alamofire" */ = {
			isa = XCRemoteSwiftPackageReference;
			repositoryURL = "https://github.com/Alamofire/Alamofire";
			requirement = {
				kind = upToNextMajorVersion;
				minimumVersion = 5.0.0;
			};
		};
		8426EFA92794240000F18B58 /* XCRemoteSwiftPackageReference "Kingfisher" */ = {
			isa = XCRemoteSwiftPackageReference;
			repositoryURL = "https://github.com/onevcat/Kingfisher";
			requirement = {
				kind = upToNextMajorVersion;
				minimumVersion = 7.0.0;
			};
		};
		8426EFAC2794243500F18B58 /* XCRemoteSwiftPackageReference "RxSwift" */ = {
			isa = XCRemoteSwiftPackageReference;
			repositoryURL = "https://github.com/ReactiveX/RxSwift";
			requirement = {
				kind = upToNextMajorVersion;
				minimumVersion = 6.0.0;
			};
		};
		8426EFB3279424A900F18B58 /* XCRemoteSwiftPackageReference "SnapKit" */ = {
			isa = XCRemoteSwiftPackageReference;
			repositoryURL = "https://github.com/SnapKit/SnapKit";
			requirement = {
				kind = upToNextMajorVersion;
				minimumVersion = 5.0.0;
			};
		};
		84870A3627A1763400D64653 /* XCRemoteSwiftPackageReference "SwiftDate" */ = {
			isa = XCRemoteSwiftPackageReference;
			repositoryURL = "https://github.com/malcommac/SwiftDate";
			requirement = {
				branch = master;
				kind = branch;
			};
		};
/* End XCRemoteSwiftPackageReference section */

/* Begin XCSwiftPackageProductDependency section */
		8426EFA7279423A400F18B58 /* Alamofire */ = {
			isa = XCSwiftPackageProductDependency;
			package = 8426EFA6279423A400F18B58 /* XCRemoteSwiftPackageReference "Alamofire" */;
			productName = Alamofire;
		};
		8426EFAA2794240000F18B58 /* Kingfisher */ = {
			isa = XCSwiftPackageProductDependency;
			package = 8426EFA92794240000F18B58 /* XCRemoteSwiftPackageReference "Kingfisher" */;
			productName = Kingfisher;
		};
		8426EFAD2794243500F18B58 /* RxCocoa */ = {
			isa = XCSwiftPackageProductDependency;
			package = 8426EFAC2794243500F18B58 /* XCRemoteSwiftPackageReference "RxSwift" */;
			productName = RxCocoa;
		};
		8426EFAF2794243500F18B58 /* RxRelay */ = {
			isa = XCSwiftPackageProductDependency;
			package = 8426EFAC2794243500F18B58 /* XCRemoteSwiftPackageReference "RxSwift" */;
			productName = RxRelay;
		};
		8426EFB12794243500F18B58 /* RxSwift */ = {
			isa = XCSwiftPackageProductDependency;
			package = 8426EFAC2794243500F18B58 /* XCRemoteSwiftPackageReference "RxSwift" */;
			productName = RxSwift;
		};
		8426EFB4279424A900F18B58 /* SnapKit */ = {
			isa = XCSwiftPackageProductDependency;
			package = 8426EFB3279424A900F18B58 /* XCRemoteSwiftPackageReference "SnapKit" */;
			productName = SnapKit;
		};
		8426EFB62794379000F18B58 /* Alamofire */ = {
			isa = XCSwiftPackageProductDependency;
			package = 8426EFA6279423A400F18B58 /* XCRemoteSwiftPackageReference "Alamofire" */;
			productName = Alamofire;
		};
		84870A2627A1708B00D64653 /* RxCocoa */ = {
			isa = XCSwiftPackageProductDependency;
			package = 8426EFAC2794243500F18B58 /* XCRemoteSwiftPackageReference "RxSwift" */;
			productName = RxCocoa;
		};
		84870A2827A1708B00D64653 /* RxRelay */ = {
			isa = XCSwiftPackageProductDependency;
			package = 8426EFAC2794243500F18B58 /* XCRemoteSwiftPackageReference "RxSwift" */;
			productName = RxRelay;
		};
		84870A2A27A1708B00D64653 /* RxSwift */ = {
			isa = XCSwiftPackageProductDependency;
			package = 8426EFAC2794243500F18B58 /* XCRemoteSwiftPackageReference "RxSwift" */;
			productName = RxSwift;
		};
		84870A3727A1763400D64653 /* SwiftDate */ = {
			isa = XCSwiftPackageProductDependency;
			package = 84870A3627A1763400D64653 /* XCRemoteSwiftPackageReference "SwiftDate" */;
			productName = SwiftDate;
		};
		84870A3927A1766000D64653 /* SwiftDate */ = {
			isa = XCSwiftPackageProductDependency;
			package = 84870A3627A1763400D64653 /* XCRemoteSwiftPackageReference "SwiftDate" */;
			productName = SwiftDate;
		};
		84870A4027A178B800D64653 /* Kingfisher */ = {
			isa = XCSwiftPackageProductDependency;
			package = 8426EFA92794240000F18B58 /* XCRemoteSwiftPackageReference "Kingfisher" */;
			productName = Kingfisher;
		};
		84870A4227A17A6100D64653 /* SnapKit */ = {
			isa = XCSwiftPackageProductDependency;
			package = 8426EFB3279424A900F18B58 /* XCRemoteSwiftPackageReference "SnapKit" */;
			productName = SnapKit;
		};
/* End XCSwiftPackageProductDependency section */
	};
	rootObject = 8426EF162793FAB500F18B58 /* Project object */;
}
